// !$*UTF8*$!
{
	archiveVersion = 1;
	classes = {
	};
	objectVersion = 56;
	objects = {

/* Begin PBXBuildFile section */
		3E1CD6C52CB0EF4700E84FE2 /* ViewRequestVC.swift in Sources */ = {isa = PBXBuildFile; fileRef = 3E1CD6C42CB0EF4600E84FE2 /* ViewRequestVC.swift */; };
		3E3161B22CB1008C00415B97 /* ProductRequestHistoryVC.swift in Sources */ = {isa = PBXBuildFile; fileRef = 3E3161B12CB1008C00415B97 /* ProductRequestHistoryVC.swift */; };
		724EBA202D0772E400C728B7 /* SwiftSMTP in Frameworks */ = {isa = PBXBuildFile; productRef = 724EBA1F2D0772E400C728B7 /* SwiftSMTP */; };
		800234BF2C9DB8100049E5E9 /* ChatListVC.swift in Sources */ = {isa = PBXBuildFile; fileRef = 800234BE2C9DB8100049E5E9 /* ChatListVC.swift */; };
		80169F432CD69EFA002078C5 /* FirebaseAnalytics in Frameworks */ = {isa = PBXBuildFile; productRef = 80169F422CD69EFA002078C5 /* FirebaseAnalytics */; };
		80169F452CD69EFA002078C5 /* FirebaseAnalyticsOnDeviceConversion in Frameworks */ = {isa = PBXBuildFile; productRef = 80169F442CD69EFA002078C5 /* FirebaseAnalyticsOnDeviceConversion */; };
		80169F472CD69EFA002078C5 /* FirebaseAuth in Frameworks */ = {isa = PBXBuildFile; productRef = 80169F462CD69EFA002078C5 /* FirebaseAuth */; };
		80169F492CD69EFA002078C5 /* FirebaseCore in Frameworks */ = {isa = PBXBuildFile; productRef = 80169F482CD69EFA002078C5 /* FirebaseCore */; };
		80169F4B2CD69EFA002078C5 /* FirebaseDatabase in Frameworks */ = {isa = PBXBuildFile; productRef = 80169F4A2CD69EFA002078C5 /* FirebaseDatabase */; };
		80169F4D2CD69EFA002078C5 /* FirebaseFirestore in Frameworks */ = {isa = PBXBuildFile; productRef = 80169F4C2CD69EFA002078C5 /* FirebaseFirestore */; };
		80169F4F2CD69EFA002078C5 /* FirebaseFunctions in Frameworks */ = {isa = PBXBuildFile; productRef = 80169F4E2CD69EFA002078C5 /* FirebaseFunctions */; };
		80169F512CD69EFA002078C5 /* FirebaseInAppMessaging-Beta in Frameworks */ = {isa = PBXBuildFile; productRef = 80169F502CD69EFA002078C5 /* FirebaseInAppMessaging-Beta */; };
		80169F532CD69EFA002078C5 /* FirebaseMessaging in Frameworks */ = {isa = PBXBuildFile; productRef = 80169F522CD69EFA002078C5 /* FirebaseMessaging */; };
		80169F552CD69EFA002078C5 /* FirebaseStorage in Frameworks */ = {isa = PBXBuildFile; productRef = 80169F542CD69EFA002078C5 /* FirebaseStorage */; };
		80169F572CD69EFA002078C5 /* FirebaseStorageCombine-Community in Frameworks */ = {isa = PBXBuildFile; productRef = 80169F562CD69EFA002078C5 /* FirebaseStorageCombine-Community */; };
		804A82BB2CECADC200851EC5 /* ProductListVC.swift in Sources */ = {isa = PBXBuildFile; fileRef = 804A82BA2CECADB800851EC5 /* ProductListVC.swift */; };
		804A82BD2CECB8BE00851EC5 /* PackageListVC.swift in Sources */ = {isa = PBXBuildFile; fileRef = 804A82BC2CECB8B700851EC5 /* PackageListVC.swift */; };
		804A82BF2CECC6F600851EC5 /* PackageDetailVC.swift in Sources */ = {isa = PBXBuildFile; fileRef = 804A82BE2CECC6F100851EC5 /* PackageDetailVC.swift */; };
		804A82C22CEE002600851EC5 /* SendGrid in Frameworks */ = {isa = PBXBuildFile; productRef = 804A82C12CEE002600851EC5 /* SendGrid */; };
		8055C56A2C92D37F00420E0F /* ChangePasswordVC.swift in Sources */ = {isa = PBXBuildFile; fileRef = 8055C5692C92D37F00420E0F /* ChangePasswordVC.swift */; };
		8055C56D2C93645400420E0F /* TableViewCell.swift in Sources */ = {isa = PBXBuildFile; fileRef = 8055C56C2C93645400420E0F /* TableViewCell.swift */; };
		8055C56F2C94676100420E0F /* RequestModel.swift in Sources */ = {isa = PBXBuildFile; fileRef = 8055C56E2C94676100420E0F /* RequestModel.swift */; };
		8055C5CA2C9889A400420E0F /* RequestListVC.swift in Sources */ = {isa = PBXBuildFile; fileRef = 8055C5C92C9889A400420E0F /* RequestListVC.swift */; };
		8055C5E12C9B38A500420E0F /* AcceptedRequestVC.swift in Sources */ = {isa = PBXBuildFile; fileRef = 8055C5E02C9B38A500420E0F /* AcceptedRequestVC.swift */; };
		8055C5E32C9B38B100420E0F /* RejectedRequestVC.swift in Sources */ = {isa = PBXBuildFile; fileRef = 8055C5E22C9B38B100420E0F /* RejectedRequestVC.swift */; };
		8055C5E52C9B38BB00420E0F /* PendingRequestVC.swift in Sources */ = {isa = PBXBuildFile; fileRef = 8055C5E42C9B38BB00420E0F /* PendingRequestVC.swift */; };
		8055C5F22C9C30FB00420E0F /* CometChatSenderTextMessageBubble.swift in Sources */ = {isa = PBXBuildFile; fileRef = 8055C5E62C9C30FB00420E0F /* CometChatSenderTextMessageBubble.swift */; };
		8055C5F32C9C30FB00420E0F /* CometChatSenderTextMessageBubble.xib in Resources */ = {isa = PBXBuildFile; fileRef = 8055C5E72C9C30FB00420E0F /* CometChatSenderTextMessageBubble.xib */; };
		8055C5F42C9C30FB00420E0F /* CometChatReceiverTextMessageBubble.swift in Sources */ = {isa = PBXBuildFile; fileRef = 8055C5E92C9C30FB00420E0F /* CometChatReceiverTextMessageBubble.swift */; };
		8055C5F52C9C30FB00420E0F /* CometChatReceiverTextMessageBubble.xib in Resources */ = {isa = PBXBuildFile; fileRef = 8055C5EA2C9C30FB00420E0F /* CometChatReceiverTextMessageBubble.xib */; };
		8055C5F62C9C30FB00420E0F /* ChatList.swift in Sources */ = {isa = PBXBuildFile; fileRef = 8055C5EC2C9C30FB00420E0F /* ChatList.swift */; };
		8055C5F72C9C30FB00420E0F /* ChatList.xib in Resources */ = {isa = PBXBuildFile; fileRef = 8055C5ED2C9C30FB00420E0F /* ChatList.xib */; };
		8055C5F82C9C30FB00420E0F /* ChatUser.swift in Sources */ = {isa = PBXBuildFile; fileRef = 8055C5EE2C9C30FB00420E0F /* ChatUser.swift */; };
		8055C5F92C9C30FB00420E0F /* ChatVC.swift in Sources */ = {isa = PBXBuildFile; fileRef = 8055C5EF2C9C30FB00420E0F /* ChatVC.swift */; };
		8055C5FA2C9C30FB00420E0F /* TextViewWithPlaceholder.swift in Sources */ = {isa = PBXBuildFile; fileRef = 8055C5F02C9C30FB00420E0F /* TextViewWithPlaceholder.swift */; };
		8059771C2C8A0BDD0059315D /* AppDelegate.swift in Sources */ = {isa = PBXBuildFile; fileRef = 8059771B2C8A0BDD0059315D /* AppDelegate.swift */; };
		8059771E2C8A0BDD0059315D /* SceneDelegate.swift in Sources */ = {isa = PBXBuildFile; fileRef = 8059771D2C8A0BDD0059315D /* SceneDelegate.swift */; };
		805977202C8A0BDD0059315D /* ViewController.swift in Sources */ = {isa = PBXBuildFile; fileRef = 8059771F2C8A0BDD0059315D /* ViewController.swift */; };
		805977232C8A0BDD0059315D /* Base in Resources */ = {isa = PBXBuildFile; fileRef = 805977222C8A0BDD0059315D /* Base */; };
		805977252C8A0BDF0059315D /* Assets.xcassets in Resources */ = {isa = PBXBuildFile; fileRef = 805977242C8A0BDF0059315D /* Assets.xcassets */; };
		805977282C8A0BDF0059315D /* Base in Resources */ = {isa = PBXBuildFile; fileRef = 805977272C8A0BDF0059315D /* Base */; };
		805977392C8A0C460059315D /* ButtonExtension.swift in Sources */ = {isa = PBXBuildFile; fileRef = 8059772F2C8A0C460059315D /* ButtonExtension.swift */; };
		8059773A2C8A0C460059315D /* ButtonWithShadow.swift in Sources */ = {isa = PBXBuildFile; fileRef = 805977302C8A0C460059315D /* ButtonWithShadow.swift */; };
		8059773B2C8A0C460059315D /* DesignableView.swift in Sources */ = {isa = PBXBuildFile; fileRef = 805977312C8A0C460059315D /* DesignableView.swift */; };
		8059773C2C8A0C460059315D /* Extensions.swift in Sources */ = {isa = PBXBuildFile; fileRef = 805977322C8A0C460059315D /* Extensions.swift */; };
		8059773E2C8A0C460059315D /* FireStoreManager.swift in Sources */ = {isa = PBXBuildFile; fileRef = 805977352C8A0C460059315D /* FireStoreManager.swift */; };
		8059773F2C8A0C460059315D /* ForgetPasswordManager.swift in Sources */ = {isa = PBXBuildFile; fileRef = 805977362C8A0C460059315D /* ForgetPasswordManager.swift */; };
		805977402C8A0C460059315D /* UserDefaultsManager.swift in Sources */ = {isa = PBXBuildFile; fileRef = 805977372C8A0C460059315D /* UserDefaultsManager.swift */; };
		805977452C8A0CE80059315D /* LoginVC.swift in Sources */ = {isa = PBXBuildFile; fileRef = 805977422C8A0CE80059315D /* LoginVC.swift */; };
		805977462C8A0CE80059315D /* InitialVC.swift in Sources */ = {isa = PBXBuildFile; fileRef = 805977432C8A0CE80059315D /* InitialVC.swift */; };
		805977472C8A0CE80059315D /* SignUpVC.swift in Sources */ = {isa = PBXBuildFile; fileRef = 805977442C8A0CE80059315D /* SignUpVC.swift */; };
		805977492C8A0D2F0059315D /* ForgotPassword.swift in Sources */ = {isa = PBXBuildFile; fileRef = 805977482C8A0D2F0059315D /* ForgotPassword.swift */; };
		8059775F2C8A10E10059315D /* GoogleService-Info.plist in Resources */ = {isa = PBXBuildFile; fileRef = 8059775E2C8A10E10059315D /* GoogleService-Info.plist */; };
		805BE60D2C90C527008EDF65 /* AddProductVC.swift in Sources */ = {isa = PBXBuildFile; fileRef = 805BE60C2C90C527008EDF65 /* AddProductVC.swift */; };
		805BE60F2C90C965008EDF65 /* InventoryProductVC.swift in Sources */ = {isa = PBXBuildFile; fileRef = 805BE60E2C90C965008EDF65 /* InventoryProductVC.swift */; };
		805BE6112C90C978008EDF65 /* ProductRequestLIstVC.swift in Sources */ = {isa = PBXBuildFile; fileRef = 805BE6102C90C978008EDF65 /* ProductRequestLIstVC.swift */; };
		805BE6142C90D1A2008EDF65 /* ProductModel.swift in Sources */ = {isa = PBXBuildFile; fileRef = 805BE6132C90D1A2008EDF65 /* ProductModel.swift */; };
		80C6CBE42C8DDCEA00B9F2B1 /* BaseVC.swift in Sources */ = {isa = PBXBuildFile; fileRef = 80C6CBE32C8DDCEA00B9F2B1 /* BaseVC.swift */; };
		80C6CBE82C8DF1D400B9F2B1 /* InventoryListVC.swift in Sources */ = {isa = PBXBuildFile; fileRef = 80C6CBE72C8DF1D400B9F2B1 /* InventoryListVC.swift */; };
		80C6CBEA2C8DF64800B9F2B1 /* UserHomeVC.swift in Sources */ = {isa = PBXBuildFile; fileRef = 80C6CBE92C8DF64800B9F2B1 /* UserHomeVC.swift */; };
		80C6CBEC2C8DF83500B9F2B1 /* ManagerHomeVC.swift in Sources */ = {isa = PBXBuildFile; fileRef = 80C6CBEB2C8DF83500B9F2B1 /* ManagerHomeVC.swift */; };
		80C6CBEE2C8DFC9E00B9F2B1 /* RequestVC.swift in Sources */ = {isa = PBXBuildFile; fileRef = 80C6CBED2C8DFC9E00B9F2B1 /* RequestVC.swift */; };
		80D2CCD32CA6EC80005CDD8D /* ProductDetailVC.swift in Sources */ = {isa = PBXBuildFile; fileRef = 80D2CCD22CA6EC80005CDD8D /* ProductDetailVC.swift */; };
		80D2CCD52CA70316005CDD8D /* PaymentScreen.swift in Sources */ = {isa = PBXBuildFile; fileRef = 80D2CCD42CA70316005CDD8D /* PaymentScreen.swift */; };
		80D2CCD72CA70E9F005CDD8D /* PaymentListVC.swift in Sources */ = {isa = PBXBuildFile; fileRef = 80D2CCD62CA70E9F005CDD8D /* PaymentListVC.swift */; };
/* End PBXBuildFile section */

/* Begin PBXFileReference section */
		3E1CD6C42CB0EF4600E84FE2 /* ViewRequestVC.swift */ = {isa = PBXFileReference; fileEncoding = 4; lastKnownFileType = sourcecode.swift; path = ViewRequestVC.swift; sourceTree = "<group>"; };
		3E3161B12CB1008C00415B97 /* ProductRequestHistoryVC.swift */ = {isa = PBXFileReference; fileEncoding = 4; lastKnownFileType = sourcecode.swift; path = ProductRequestHistoryVC.swift; sourceTree = "<group>"; };
		800234BE2C9DB8100049E5E9 /* ChatListVC.swift */ = {isa = PBXFileReference; fileEncoding = 4; lastKnownFileType = sourcecode.swift; path = ChatListVC.swift; sourceTree = "<group>"; };
		804A82BA2CECADB800851EC5 /* ProductListVC.swift */ = {isa = PBXFileReference; lastKnownFileType = sourcecode.swift; path = ProductListVC.swift; sourceTree = "<group>"; };
		804A82BC2CECB8B700851EC5 /* PackageListVC.swift */ = {isa = PBXFileReference; lastKnownFileType = sourcecode.swift; path = PackageListVC.swift; sourceTree = "<group>"; };
		804A82BE2CECC6F100851EC5 /* PackageDetailVC.swift */ = {isa = PBXFileReference; lastKnownFileType = sourcecode.swift; path = PackageDetailVC.swift; sourceTree = "<group>"; };
		8055C5692C92D37F00420E0F /* ChangePasswordVC.swift */ = {isa = PBXFileReference; lastKnownFileType = sourcecode.swift; path = ChangePasswordVC.swift; sourceTree = "<group>"; };
		8055C56C2C93645400420E0F /* TableViewCell.swift */ = {isa = PBXFileReference; lastKnownFileType = sourcecode.swift; path = TableViewCell.swift; sourceTree = "<group>"; };
		8055C56E2C94676100420E0F /* RequestModel.swift */ = {isa = PBXFileReference; lastKnownFileType = sourcecode.swift; path = RequestModel.swift; sourceTree = "<group>"; };
		8055C5C92C9889A400420E0F /* RequestListVC.swift */ = {isa = PBXFileReference; lastKnownFileType = sourcecode.swift; path = RequestListVC.swift; sourceTree = "<group>"; };
		8055C5E02C9B38A500420E0F /* AcceptedRequestVC.swift */ = {isa = PBXFileReference; lastKnownFileType = sourcecode.swift; path = AcceptedRequestVC.swift; sourceTree = "<group>"; };
		8055C5E22C9B38B100420E0F /* RejectedRequestVC.swift */ = {isa = PBXFileReference; lastKnownFileType = sourcecode.swift; path = RejectedRequestVC.swift; sourceTree = "<group>"; };
		8055C5E42C9B38BB00420E0F /* PendingRequestVC.swift */ = {isa = PBXFileReference; lastKnownFileType = sourcecode.swift; path = PendingRequestVC.swift; sourceTree = "<group>"; };
		8055C5E62C9C30FB00420E0F /* CometChatSenderTextMessageBubble.swift */ = {isa = PBXFileReference; fileEncoding = 4; lastKnownFileType = sourcecode.swift; path = CometChatSenderTextMessageBubble.swift; sourceTree = "<group>"; };
		8055C5E72C9C30FB00420E0F /* CometChatSenderTextMessageBubble.xib */ = {isa = PBXFileReference; fileEncoding = 4; lastKnownFileType = file.xib; path = CometChatSenderTextMessageBubble.xib; sourceTree = "<group>"; };
		8055C5E92C9C30FB00420E0F /* CometChatReceiverTextMessageBubble.swift */ = {isa = PBXFileReference; fileEncoding = 4; lastKnownFileType = sourcecode.swift; path = CometChatReceiverTextMessageBubble.swift; sourceTree = "<group>"; };
		8055C5EA2C9C30FB00420E0F /* CometChatReceiverTextMessageBubble.xib */ = {isa = PBXFileReference; fileEncoding = 4; lastKnownFileType = file.xib; path = CometChatReceiverTextMessageBubble.xib; sourceTree = "<group>"; };
		8055C5EC2C9C30FB00420E0F /* ChatList.swift */ = {isa = PBXFileReference; fileEncoding = 4; lastKnownFileType = sourcecode.swift; path = ChatList.swift; sourceTree = "<group>"; };
		8055C5ED2C9C30FB00420E0F /* ChatList.xib */ = {isa = PBXFileReference; fileEncoding = 4; lastKnownFileType = file.xib; path = ChatList.xib; sourceTree = "<group>"; };
		8055C5EE2C9C30FB00420E0F /* ChatUser.swift */ = {isa = PBXFileReference; fileEncoding = 4; lastKnownFileType = sourcecode.swift; path = ChatUser.swift; sourceTree = "<group>"; };
		8055C5EF2C9C30FB00420E0F /* ChatVC.swift */ = {isa = PBXFileReference; fileEncoding = 4; lastKnownFileType = sourcecode.swift; path = ChatVC.swift; sourceTree = "<group>"; };
		8055C5F02C9C30FB00420E0F /* TextViewWithPlaceholder.swift */ = {isa = PBXFileReference; fileEncoding = 4; lastKnownFileType = sourcecode.swift; path = TextViewWithPlaceholder.swift; sourceTree = "<group>"; };
		805977182C8A0BDD0059315D /* SmartInventory.app */ = {isa = PBXFileReference; explicitFileType = wrapper.application; includeInIndex = 0; path = SmartInventory.app; sourceTree = BUILT_PRODUCTS_DIR; };
		8059771B2C8A0BDD0059315D /* AppDelegate.swift */ = {isa = PBXFileReference; lastKnownFileType = sourcecode.swift; path = AppDelegate.swift; sourceTree = "<group>"; };
		8059771D2C8A0BDD0059315D /* SceneDelegate.swift */ = {isa = PBXFileReference; lastKnownFileType = sourcecode.swift; path = SceneDelegate.swift; sourceTree = "<group>"; };
		8059771F2C8A0BDD0059315D /* ViewController.swift */ = {isa = PBXFileReference; lastKnownFileType = sourcecode.swift; path = ViewController.swift; sourceTree = "<group>"; };
		805977222C8A0BDD0059315D /* Base */ = {isa = PBXFileReference; lastKnownFileType = file.storyboard; name = Base; path = Base.lproj/Main.storyboard; sourceTree = "<group>"; };
		805977242C8A0BDF0059315D /* Assets.xcassets */ = {isa = PBXFileReference; lastKnownFileType = folder.assetcatalog; path = Assets.xcassets; sourceTree = "<group>"; };
		805977272C8A0BDF0059315D /* Base */ = {isa = PBXFileReference; lastKnownFileType = file.storyboard; name = Base; path = Base.lproj/LaunchScreen.storyboard; sourceTree = "<group>"; };
		805977292C8A0BDF0059315D /* Info.plist */ = {isa = PBXFileReference; lastKnownFileType = text.plist.xml; path = Info.plist; sourceTree = "<group>"; };
		8059772F2C8A0C460059315D /* ButtonExtension.swift */ = {isa = PBXFileReference; fileEncoding = 4; lastKnownFileType = sourcecode.swift; path = ButtonExtension.swift; sourceTree = "<group>"; };
		805977302C8A0C460059315D /* ButtonWithShadow.swift */ = {isa = PBXFileReference; fileEncoding = 4; lastKnownFileType = sourcecode.swift; path = ButtonWithShadow.swift; sourceTree = "<group>"; };
		805977312C8A0C460059315D /* DesignableView.swift */ = {isa = PBXFileReference; fileEncoding = 4; lastKnownFileType = sourcecode.swift; path = DesignableView.swift; sourceTree = "<group>"; };
		805977322C8A0C460059315D /* Extensions.swift */ = {isa = PBXFileReference; fileEncoding = 4; lastKnownFileType = sourcecode.swift; path = Extensions.swift; sourceTree = "<group>"; };
		805977352C8A0C460059315D /* FireStoreManager.swift */ = {isa = PBXFileReference; fileEncoding = 4; lastKnownFileType = sourcecode.swift; path = FireStoreManager.swift; sourceTree = "<group>"; };
		805977362C8A0C460059315D /* ForgetPasswordManager.swift */ = {isa = PBXFileReference; fileEncoding = 4; lastKnownFileType = sourcecode.swift; path = ForgetPasswordManager.swift; sourceTree = "<group>"; };
		805977372C8A0C460059315D /* UserDefaultsManager.swift */ = {isa = PBXFileReference; fileEncoding = 4; lastKnownFileType = sourcecode.swift; path = UserDefaultsManager.swift; sourceTree = "<group>"; };
		805977422C8A0CE80059315D /* LoginVC.swift */ = {isa = PBXFileReference; fileEncoding = 4; lastKnownFileType = sourcecode.swift; path = LoginVC.swift; sourceTree = "<group>"; };
		805977432C8A0CE80059315D /* InitialVC.swift */ = {isa = PBXFileReference; fileEncoding = 4; lastKnownFileType = sourcecode.swift; path = InitialVC.swift; sourceTree = "<group>"; };
		805977442C8A0CE80059315D /* SignUpVC.swift */ = {isa = PBXFileReference; fileEncoding = 4; lastKnownFileType = sourcecode.swift; path = SignUpVC.swift; sourceTree = "<group>"; };
		805977482C8A0D2F0059315D /* ForgotPassword.swift */ = {isa = PBXFileReference; fileEncoding = 4; lastKnownFileType = sourcecode.swift; path = ForgotPassword.swift; sourceTree = "<group>"; };
		8059775E2C8A10E10059315D /* GoogleService-Info.plist */ = {isa = PBXFileReference; fileEncoding = 4; lastKnownFileType = text.plist.xml; path = "GoogleService-Info.plist"; sourceTree = "<group>"; };
		805BE60C2C90C527008EDF65 /* AddProductVC.swift */ = {isa = PBXFileReference; lastKnownFileType = sourcecode.swift; path = AddProductVC.swift; sourceTree = "<group>"; };
		805BE60E2C90C965008EDF65 /* InventoryProductVC.swift */ = {isa = PBXFileReference; lastKnownFileType = sourcecode.swift; path = InventoryProductVC.swift; sourceTree = "<group>"; };
		805BE6102C90C978008EDF65 /* ProductRequestLIstVC.swift */ = {isa = PBXFileReference; lastKnownFileType = sourcecode.swift; path = ProductRequestLIstVC.swift; sourceTree = "<group>"; };
		805BE6132C90D1A2008EDF65 /* ProductModel.swift */ = {isa = PBXFileReference; lastKnownFileType = sourcecode.swift; path = ProductModel.swift; sourceTree = "<group>"; };
		80C6CBE32C8DDCEA00B9F2B1 /* BaseVC.swift */ = {isa = PBXFileReference; lastKnownFileType = sourcecode.swift; path = BaseVC.swift; sourceTree = "<group>"; };
		80C6CBE72C8DF1D400B9F2B1 /* InventoryListVC.swift */ = {isa = PBXFileReference; lastKnownFileType = sourcecode.swift; path = InventoryListVC.swift; sourceTree = "<group>"; };
		80C6CBE92C8DF64800B9F2B1 /* UserHomeVC.swift */ = {isa = PBXFileReference; lastKnownFileType = sourcecode.swift; path = UserHomeVC.swift; sourceTree = "<group>"; };
		80C6CBEB2C8DF83500B9F2B1 /* ManagerHomeVC.swift */ = {isa = PBXFileReference; lastKnownFileType = sourcecode.swift; path = ManagerHomeVC.swift; sourceTree = "<group>"; };
		80C6CBED2C8DFC9E00B9F2B1 /* RequestVC.swift */ = {isa = PBXFileReference; lastKnownFileType = sourcecode.swift; path = RequestVC.swift; sourceTree = "<group>"; };
		80D2CCD22CA6EC80005CDD8D /* ProductDetailVC.swift */ = {isa = PBXFileReference; lastKnownFileType = sourcecode.swift; path = ProductDetailVC.swift; sourceTree = "<group>"; };
		80D2CCD42CA70316005CDD8D /* PaymentScreen.swift */ = {isa = PBXFileReference; fileEncoding = 4; lastKnownFileType = sourcecode.swift; path = PaymentScreen.swift; sourceTree = "<group>"; };
		80D2CCD62CA70E9F005CDD8D /* PaymentListVC.swift */ = {isa = PBXFileReference; lastKnownFileType = sourcecode.swift; path = PaymentListVC.swift; sourceTree = "<group>"; };
/* End PBXFileReference section */

/* Begin PBXFrameworksBuildPhase section */
		805977152C8A0BDD0059315D /* Frameworks */ = {
			isa = PBXFrameworksBuildPhase;
			buildActionMask = 2147483647;
			files = (
				804A82C22CEE002600851EC5 /* SendGrid in Frameworks */,
				80169F572CD69EFA002078C5 /* FirebaseStorageCombine-Community in Frameworks */,
				80169F532CD69EFA002078C5 /* FirebaseMessaging in Frameworks */,
				80169F4B2CD69EFA002078C5 /* FirebaseDatabase in Frameworks */,
				80169F4F2CD69EFA002078C5 /* FirebaseFunctions in Frameworks */,
				724EBA202D0772E400C728B7 /* SwiftSMTP in Frameworks */,
				80169F552CD69EFA002078C5 /* FirebaseStorage in Frameworks */,
				80169F432CD69EFA002078C5 /* FirebaseAnalytics in Frameworks */,
				80169F512CD69EFA002078C5 /* FirebaseInAppMessaging-Beta in Frameworks */,
				80169F472CD69EFA002078C5 /* FirebaseAuth in Frameworks */,
				80169F492CD69EFA002078C5 /* FirebaseCore in Frameworks */,
				80169F452CD69EFA002078C5 /* FirebaseAnalyticsOnDeviceConversion in Frameworks */,
				80169F4D2CD69EFA002078C5 /* FirebaseFirestore in Frameworks */,
			);
			runOnlyForDeploymentPostprocessing = 0;
		};
/* End PBXFrameworksBuildPhase section */

/* Begin PBXGroup section */
		804A82B92CECADA500851EC5 /* InventoryList */ = {
			isa = PBXGroup;
			children = (
				804A82BE2CECC6F100851EC5 /* PackageDetailVC.swift */,
				804A82BC2CECB8B700851EC5 /* PackageListVC.swift */,
				804A82BA2CECADB800851EC5 /* ProductListVC.swift */,
			);
			path = InventoryList;
			sourceTree = "<group>";
		};
		8055C56B2C93644100420E0F /* CustomCell */ = {
			isa = PBXGroup;
			children = (
				8055C56C2C93645400420E0F /* TableViewCell.swift */,
			);
			path = CustomCell;
			sourceTree = "<group>";
		};
		8055C5DF2C9B388E00420E0F /* RequestList */ = {
			isa = PBXGroup;
			children = (
				8055C5E02C9B38A500420E0F /* AcceptedRequestVC.swift */,
				8055C5E22C9B38B100420E0F /* RejectedRequestVC.swift */,
				8055C5E42C9B38BB00420E0F /* PendingRequestVC.swift */,
			);
			path = RequestList;
			sourceTree = "<group>";
		};
		8055C5E82C9C30FB00420E0F /* MyTextMessageCell */ = {
			isa = PBXGroup;
			children = (
				8055C5E62C9C30FB00420E0F /* CometChatSenderTextMessageBubble.swift */,
				8055C5E72C9C30FB00420E0F /* CometChatSenderTextMessageBubble.xib */,
			);
			path = MyTextMessageCell;
			sourceTree = "<group>";
		};
		8055C5EB2C9C30FB00420E0F /* OtherUserTextMessageCell */ = {
			isa = PBXGroup;
			children = (
				8055C5E92C9C30FB00420E0F /* CometChatReceiverTextMessageBubble.swift */,
				8055C5EA2C9C30FB00420E0F /* CometChatReceiverTextMessageBubble.xib */,
			);
			path = OtherUserTextMessageCell;
			sourceTree = "<group>";
		};
		8055C5F12C9C30FB00420E0F /* Chat */ = {
			isa = PBXGroup;
			children = (
				800234BE2C9DB8100049E5E9 /* ChatListVC.swift */,
				8055C5E82C9C30FB00420E0F /* MyTextMessageCell */,
				8055C5EB2C9C30FB00420E0F /* OtherUserTextMessageCell */,
				8055C5EC2C9C30FB00420E0F /* ChatList.swift */,
				8055C5ED2C9C30FB00420E0F /* ChatList.xib */,
				8055C5EE2C9C30FB00420E0F /* ChatUser.swift */,
				8055C5EF2C9C30FB00420E0F /* ChatVC.swift */,
				8055C5F02C9C30FB00420E0F /* TextViewWithPlaceholder.swift */,
			);
			path = Chat;
			sourceTree = "<group>";
		};
		8059770F2C8A0BDD0059315D = {
			isa = PBXGroup;
			children = (
				8059771A2C8A0BDD0059315D /* SmartInventory */,
				805977192C8A0BDD0059315D /* Products */,
				8059775D2C8A0FC70059315D /* Frameworks */,
			);
			sourceTree = "<group>";
		};
		805977192C8A0BDD0059315D /* Products */ = {
			isa = PBXGroup;
			children = (
				805977182C8A0BDD0059315D /* SmartInventory.app */,
			);
			name = Products;
			sourceTree = "<group>";
		};
		8059771A2C8A0BDD0059315D /* SmartInventory */ = {
			isa = PBXGroup;
			children = (
				805BE6122C90D192008EDF65 /* Model */,
				805977412C8A0CD30059315D /* ViewController */,
				805977332C8A0C460059315D /* Extension */,
				805977382C8A0C460059315D /* FireBaseManager */,
				8059771B2C8A0BDD0059315D /* AppDelegate.swift */,
				8059771D2C8A0BDD0059315D /* SceneDelegate.swift */,
				8059771F2C8A0BDD0059315D /* ViewController.swift */,
				805977212C8A0BDD0059315D /* Main.storyboard */,
				805977242C8A0BDF0059315D /* Assets.xcassets */,
				805977262C8A0BDF0059315D /* LaunchScreen.storyboard */,
				805977292C8A0BDF0059315D /* Info.plist */,
				8059775E2C8A10E10059315D /* GoogleService-Info.plist */,
			);
			path = SmartInventory;
			sourceTree = "<group>";
		};
		805977332C8A0C460059315D /* Extension */ = {
			isa = PBXGroup;
			children = (
				8059772F2C8A0C460059315D /* ButtonExtension.swift */,
				805977302C8A0C460059315D /* ButtonWithShadow.swift */,
				805977312C8A0C460059315D /* DesignableView.swift */,
				805977322C8A0C460059315D /* Extensions.swift */,
			);
			path = Extension;
			sourceTree = "<group>";
		};
		805977382C8A0C460059315D /* FireBaseManager */ = {
			isa = PBXGroup;
			children = (
				805977352C8A0C460059315D /* FireStoreManager.swift */,
				805977362C8A0C460059315D /* ForgetPasswordManager.swift */,
				805977372C8A0C460059315D /* UserDefaultsManager.swift */,
			);
			path = FireBaseManager;
			sourceTree = "<group>";
		};
		805977412C8A0CD30059315D /* ViewController */ = {
			isa = PBXGroup;
			children = (
				8055C5F12C9C30FB00420E0F /* Chat */,
				8055C56B2C93644100420E0F /* CustomCell */,
				80C6CBE62C8DE51A00B9F2B1 /* Manager */,
				80C6CBE52C8DE4EF00B9F2B1 /* User */,
				80D2CCD12CA6EC6D005CDD8D /* Product */,
				805977432C8A0CE80059315D /* InitialVC.swift */,
				805977422C8A0CE80059315D /* LoginVC.swift */,
				805977442C8A0CE80059315D /* SignUpVC.swift */,
				805977482C8A0D2F0059315D /* ForgotPassword.swift */,
				80C6CBE32C8DDCEA00B9F2B1 /* BaseVC.swift */,
				8055C5692C92D37F00420E0F /* ChangePasswordVC.swift */,
			);
			path = ViewController;
			sourceTree = "<group>";
		};
		8059775D2C8A0FC70059315D /* Frameworks */ = {
			isa = PBXGroup;
			children = (
			);
			name = Frameworks;
			sourceTree = "<group>";
		};
		805BE6122C90D192008EDF65 /* Model */ = {
			isa = PBXGroup;
			children = (
				805BE6132C90D1A2008EDF65 /* ProductModel.swift */,
				8055C56E2C94676100420E0F /* RequestModel.swift */,
			);
			path = Model;
			sourceTree = "<group>";
		};
		80C6CBE52C8DE4EF00B9F2B1 /* User */ = {
			isa = PBXGroup;
			children = (
				804A82B92CECADA500851EC5 /* InventoryList */,
				8055C5DF2C9B388E00420E0F /* RequestList */,
				80C6CBE72C8DF1D400B9F2B1 /* InventoryListVC.swift */,
				80C6CBE92C8DF64800B9F2B1 /* UserHomeVC.swift */,
				80C6CBED2C8DFC9E00B9F2B1 /* RequestVC.swift */,
				8055C5C92C9889A400420E0F /* RequestListVC.swift */,
				80D2CCD62CA70E9F005CDD8D /* PaymentListVC.swift */,
			);
			path = User;
			sourceTree = "<group>";
		};
		80C6CBE62C8DE51A00B9F2B1 /* Manager */ = {
			isa = PBXGroup;
			children = (
				3E3161B12CB1008C00415B97 /* ProductRequestHistoryVC.swift */,
				3E1CD6C42CB0EF4600E84FE2 /* ViewRequestVC.swift */,
				80C6CBEB2C8DF83500B9F2B1 /* ManagerHomeVC.swift */,
				805BE60C2C90C527008EDF65 /* AddProductVC.swift */,
				805BE60E2C90C965008EDF65 /* InventoryProductVC.swift */,
				805BE6102C90C978008EDF65 /* ProductRequestLIstVC.swift */,
			);
			path = Manager;
			sourceTree = "<group>";
		};
		80D2CCD12CA6EC6D005CDD8D /* Product */ = {
			isa = PBXGroup;
			children = (
				80D2CCD42CA70316005CDD8D /* PaymentScreen.swift */,
				80D2CCD22CA6EC80005CDD8D /* ProductDetailVC.swift */,
			);
			path = Product;
			sourceTree = "<group>";
		};
/* End PBXGroup section */

/* Begin PBXNativeTarget section */
		805977172C8A0BDD0059315D /* SmartInventory */ = {
			isa = PBXNativeTarget;
			buildConfigurationList = 8059772C2C8A0BDF0059315D /* Build configuration list for PBXNativeTarget "SmartInventory" */;
			buildPhases = (
				805977142C8A0BDD0059315D /* Sources */,
				805977152C8A0BDD0059315D /* Frameworks */,
				805977162C8A0BDD0059315D /* Resources */,
			);
			buildRules = (
			);
			dependencies = (
			);
			name = SmartInventory;
			packageProductDependencies = (
				80169F422CD69EFA002078C5 /* FirebaseAnalytics */,
				80169F442CD69EFA002078C5 /* FirebaseAnalyticsOnDeviceConversion */,
				80169F462CD69EFA002078C5 /* FirebaseAuth */,
				80169F482CD69EFA002078C5 /* FirebaseCore */,
				80169F4A2CD69EFA002078C5 /* FirebaseDatabase */,
				80169F4C2CD69EFA002078C5 /* FirebaseFirestore */,
				80169F4E2CD69EFA002078C5 /* FirebaseFunctions */,
				80169F502CD69EFA002078C5 /* FirebaseInAppMessaging-Beta */,
				80169F522CD69EFA002078C5 /* FirebaseMessaging */,
				80169F542CD69EFA002078C5 /* FirebaseStorage */,
				80169F562CD69EFA002078C5 /* FirebaseStorageCombine-Community */,
				804A82C12CEE002600851EC5 /* SendGrid */,
				724EBA1F2D0772E400C728B7 /* SwiftSMTP */,
			);
			productName = SmartInventory;
			productReference = 805977182C8A0BDD0059315D /* SmartInventory.app */;
			productType = "com.apple.product-type.application";
		};
/* End PBXNativeTarget section */

/* Begin PBXProject section */
		805977102C8A0BDD0059315D /* Project object */ = {
			isa = PBXProject;
			attributes = {
				BuildIndependentTargetsInParallel = 1;
				LastSwiftUpdateCheck = 1540;
				LastUpgradeCheck = 1540;
				TargetAttributes = {
					805977172C8A0BDD0059315D = {
						CreatedOnToolsVersion = 15.4;
					};
				};
			};
			buildConfigurationList = 805977132C8A0BDD0059315D /* Build configuration list for PBXProject "SmartInventory" */;
			compatibilityVersion = "Xcode 14.0";
			developmentRegion = en;
			hasScannedForEncodings = 0;
			knownRegions = (
				en,
				Base,
			);
			mainGroup = 8059770F2C8A0BDD0059315D;
			packageReferences = (
				80169F412CD69EFA002078C5 /* XCRemoteSwiftPackageReference "firebase-ios-sdk" */,
				804A82C02CEE002600851EC5 /* XCRemoteSwiftPackageReference "sendgrid-swift" */,
				724EBA1E2D0772E400C728B7 /* XCRemoteSwiftPackageReference "Swift-SMTP" */,
			);
			productRefGroup = 805977192C8A0BDD0059315D /* Products */;
			projectDirPath = "";
			projectRoot = "";
			targets = (
				805977172C8A0BDD0059315D /* SmartInventory */,
			);
		};
/* End PBXProject section */

/* Begin PBXResourcesBuildPhase section */
		805977162C8A0BDD0059315D /* Resources */ = {
			isa = PBXResourcesBuildPhase;
			buildActionMask = 2147483647;
			files = (
				8055C5F32C9C30FB00420E0F /* CometChatSenderTextMessageBubble.xib in Resources */,
				805977252C8A0BDF0059315D /* Assets.xcassets in Resources */,
				8059775F2C8A10E10059315D /* GoogleService-Info.plist in Resources */,
				805977282C8A0BDF0059315D /* Base in Resources */,
				8055C5F52C9C30FB00420E0F /* CometChatReceiverTextMessageBubble.xib in Resources */,
				805977232C8A0BDD0059315D /* Base in Resources */,
				8055C5F72C9C30FB00420E0F /* ChatList.xib in Resources */,
			);
			runOnlyForDeploymentPostprocessing = 0;
		};
/* End PBXResourcesBuildPhase section */

/* Begin PBXSourcesBuildPhase section */
		805977142C8A0BDD0059315D /* Sources */ = {
			isa = PBXSourcesBuildPhase;
			buildActionMask = 2147483647;
			files = (
				805BE60D2C90C527008EDF65 /* AddProductVC.swift in Sources */,
				80D2CCD72CA70E9F005CDD8D /* PaymentListVC.swift in Sources */,
				80C6CBEE2C8DFC9E00B9F2B1 /* RequestVC.swift in Sources */,
				804A82BD2CECB8BE00851EC5 /* PackageListVC.swift in Sources */,
				3E1CD6C52CB0EF4700E84FE2 /* ViewRequestVC.swift in Sources */,
				8055C5E32C9B38B100420E0F /* RejectedRequestVC.swift in Sources */,
				805977472C8A0CE80059315D /* SignUpVC.swift in Sources */,
				8055C5F82C9C30FB00420E0F /* ChatUser.swift in Sources */,
				805977462C8A0CE80059315D /* InitialVC.swift in Sources */,
				805977202C8A0BDD0059315D /* ViewController.swift in Sources */,
				8055C5F42C9C30FB00420E0F /* CometChatReceiverTextMessageBubble.swift in Sources */,
				8055C5F62C9C30FB00420E0F /* ChatList.swift in Sources */,
				805977392C8A0C460059315D /* ButtonExtension.swift in Sources */,
				8055C5F22C9C30FB00420E0F /* CometChatSenderTextMessageBubble.swift in Sources */,
				805977452C8A0CE80059315D /* LoginVC.swift in Sources */,
				8059773B2C8A0C460059315D /* DesignableView.swift in Sources */,
				8059773E2C8A0C460059315D /* FireStoreManager.swift in Sources */,
				805977402C8A0C460059315D /* UserDefaultsManager.swift in Sources */,
				80C6CBEC2C8DF83500B9F2B1 /* ManagerHomeVC.swift in Sources */,
				8055C56A2C92D37F00420E0F /* ChangePasswordVC.swift in Sources */,
				8055C5CA2C9889A400420E0F /* RequestListVC.swift in Sources */,
				8055C5E12C9B38A500420E0F /* AcceptedRequestVC.swift in Sources */,
				80D2CCD32CA6EC80005CDD8D /* ProductDetailVC.swift in Sources */,
				800234BF2C9DB8100049E5E9 /* ChatListVC.swift in Sources */,
				8059773A2C8A0C460059315D /* ButtonWithShadow.swift in Sources */,
				804A82BF2CECC6F600851EC5 /* PackageDetailVC.swift in Sources */,
				805BE6112C90C978008EDF65 /* ProductRequestLIstVC.swift in Sources */,
				8059771C2C8A0BDD0059315D /* AppDelegate.swift in Sources */,
				8055C5E52C9B38BB00420E0F /* PendingRequestVC.swift in Sources */,
				8055C56F2C94676100420E0F /* RequestModel.swift in Sources */,
				80C6CBE82C8DF1D400B9F2B1 /* InventoryListVC.swift in Sources */,
				80C6CBEA2C8DF64800B9F2B1 /* UserHomeVC.swift in Sources */,
				80C6CBE42C8DDCEA00B9F2B1 /* BaseVC.swift in Sources */,
				8055C5FA2C9C30FB00420E0F /* TextViewWithPlaceholder.swift in Sources */,
				804A82BB2CECADC200851EC5 /* ProductListVC.swift in Sources */,
				8059773F2C8A0C460059315D /* ForgetPasswordManager.swift in Sources */,
				805BE6142C90D1A2008EDF65 /* ProductModel.swift in Sources */,
				8055C5F92C9C30FB00420E0F /* ChatVC.swift in Sources */,
				8055C56D2C93645400420E0F /* TableViewCell.swift in Sources */,
				805BE60F2C90C965008EDF65 /* InventoryProductVC.swift in Sources */,
				8059771E2C8A0BDD0059315D /* SceneDelegate.swift in Sources */,
				8059773C2C8A0C460059315D /* Extensions.swift in Sources */,
				3E3161B22CB1008C00415B97 /* ProductRequestHistoryVC.swift in Sources */,
				80D2CCD52CA70316005CDD8D /* PaymentScreen.swift in Sources */,
				805977492C8A0D2F0059315D /* ForgotPassword.swift in Sources */,
			);
			runOnlyForDeploymentPostprocessing = 0;
		};
/* End PBXSourcesBuildPhase section */

/* Begin PBXVariantGroup section */
		805977212C8A0BDD0059315D /* Main.storyboard */ = {
			isa = PBXVariantGroup;
			children = (
				805977222C8A0BDD0059315D /* Base */,
			);
			name = Main.storyboard;
			sourceTree = "<group>";
		};
		805977262C8A0BDF0059315D /* LaunchScreen.storyboard */ = {
			isa = PBXVariantGroup;
			children = (
				805977272C8A0BDF0059315D /* Base */,
			);
			name = LaunchScreen.storyboard;
			sourceTree = "<group>";
		};
/* End PBXVariantGroup section */

/* Begin XCBuildConfiguration section */
		8059772A2C8A0BDF0059315D /* Debug */ = {
			isa = XCBuildConfiguration;
			buildSettings = {
				ALWAYS_SEARCH_USER_PATHS = NO;
				ASSETCATALOG_COMPILER_GENERATE_SWIFT_ASSET_SYMBOL_EXTENSIONS = YES;
				CLANG_ANALYZER_NONNULL = YES;
				CLANG_ANALYZER_NUMBER_OBJECT_CONVERSION = YES_AGGRESSIVE;
				CLANG_CXX_LANGUAGE_STANDARD = "gnu++20";
				CLANG_ENABLE_MODULES = YES;
				CLANG_ENABLE_OBJC_ARC = YES;
				CLANG_ENABLE_OBJC_WEAK = YES;
				CLANG_WARN_BLOCK_CAPTURE_AUTORELEASING = YES;
				CLANG_WARN_BOOL_CONVERSION = YES;
				CLANG_WARN_COMMA = YES;
				CLANG_WARN_CONSTANT_CONVERSION = YES;
				CLANG_WARN_DEPRECATED_OBJC_IMPLEMENTATIONS = YES;
				CLANG_WARN_DIRECT_OBJC_ISA_USAGE = YES_ERROR;
				CLANG_WARN_DOCUMENTATION_COMMENTS = YES;
				CLANG_WARN_EMPTY_BODY = YES;
				CLANG_WARN_ENUM_CONVERSION = YES;
				CLANG_WARN_INFINITE_RECURSION = YES;
				CLANG_WARN_INT_CONVERSION = YES;
				CLANG_WARN_NON_LITERAL_NULL_CONVERSION = YES;
				CLANG_WARN_OBJC_IMPLICIT_RETAIN_SELF = YES;
				CLANG_WARN_OBJC_LITERAL_CONVERSION = YES;
				CLANG_WARN_OBJC_ROOT_CLASS = YES_ERROR;
				CLANG_WARN_QUOTED_INCLUDE_IN_FRAMEWORK_HEADER = YES;
				CLANG_WARN_RANGE_LOOP_ANALYSIS = YES;
				CLANG_WARN_STRICT_PROTOTYPES = YES;
				CLANG_WARN_SUSPICIOUS_MOVE = YES;
				CLANG_WARN_UNGUARDED_AVAILABILITY = YES_AGGRESSIVE;
				CLANG_WARN_UNREACHABLE_CODE = YES;
				CLANG_WARN__DUPLICATE_METHOD_MATCH = YES;
				COPY_PHASE_STRIP = NO;
				DEBUG_INFORMATION_FORMAT = dwarf;
				ENABLE_STRICT_OBJC_MSGSEND = YES;
				ENABLE_TESTABILITY = YES;
				ENABLE_USER_SCRIPT_SANDBOXING = YES;
				GCC_C_LANGUAGE_STANDARD = gnu17;
				GCC_DYNAMIC_NO_PIC = NO;
				GCC_NO_COMMON_BLOCKS = YES;
				GCC_OPTIMIZATION_LEVEL = 0;
				GCC_PREPROCESSOR_DEFINITIONS = (
					"DEBUG=1",
					"$(inherited)",
				);
				GCC_WARN_64_TO_32_BIT_CONVERSION = YES;
				GCC_WARN_ABOUT_RETURN_TYPE = YES_ERROR;
				GCC_WARN_UNDECLARED_SELECTOR = YES;
				GCC_WARN_UNINITIALIZED_AUTOS = YES_AGGRESSIVE;
				GCC_WARN_UNUSED_FUNCTION = YES;
				GCC_WARN_UNUSED_VARIABLE = YES;
				IPHONEOS_DEPLOYMENT_TARGET = 16.0;
				LOCALIZATION_PREFERS_STRING_CATALOGS = YES;
				MTL_ENABLE_DEBUG_INFO = INCLUDE_SOURCE;
				MTL_FAST_MATH = YES;
				ONLY_ACTIVE_ARCH = YES;
				SDKROOT = iphoneos;
				SWIFT_ACTIVE_COMPILATION_CONDITIONS = "DEBUG $(inherited)";
				SWIFT_OPTIMIZATION_LEVEL = "-Onone";
			};
			name = Debug;
		};
		8059772B2C8A0BDF0059315D /* Release */ = {
			isa = XCBuildConfiguration;
			buildSettings = {
				ALWAYS_SEARCH_USER_PATHS = NO;
				ASSETCATALOG_COMPILER_GENERATE_SWIFT_ASSET_SYMBOL_EXTENSIONS = YES;
				CLANG_ANALYZER_NONNULL = YES;
				CLANG_ANALYZER_NUMBER_OBJECT_CONVERSION = YES_AGGRESSIVE;
				CLANG_CXX_LANGUAGE_STANDARD = "gnu++20";
				CLANG_ENABLE_MODULES = YES;
				CLANG_ENABLE_OBJC_ARC = YES;
				CLANG_ENABLE_OBJC_WEAK = YES;
				CLANG_WARN_BLOCK_CAPTURE_AUTORELEASING = YES;
				CLANG_WARN_BOOL_CONVERSION = YES;
				CLANG_WARN_COMMA = YES;
				CLANG_WARN_CONSTANT_CONVERSION = YES;
				CLANG_WARN_DEPRECATED_OBJC_IMPLEMENTATIONS = YES;
				CLANG_WARN_DIRECT_OBJC_ISA_USAGE = YES_ERROR;
				CLANG_WARN_DOCUMENTATION_COMMENTS = YES;
				CLANG_WARN_EMPTY_BODY = YES;
				CLANG_WARN_ENUM_CONVERSION = YES;
				CLANG_WARN_INFINITE_RECURSION = YES;
				CLANG_WARN_INT_CONVERSION = YES;
				CLANG_WARN_NON_LITERAL_NULL_CONVERSION = YES;
				CLANG_WARN_OBJC_IMPLICIT_RETAIN_SELF = YES;
				CLANG_WARN_OBJC_LITERAL_CONVERSION = YES;
				CLANG_WARN_OBJC_ROOT_CLASS = YES_ERROR;
				CLANG_WARN_QUOTED_INCLUDE_IN_FRAMEWORK_HEADER = YES;
				CLANG_WARN_RANGE_LOOP_ANALYSIS = YES;
				CLANG_WARN_STRICT_PROTOTYPES = YES;
				CLANG_WARN_SUSPICIOUS_MOVE = YES;
				CLANG_WARN_UNGUARDED_AVAILABILITY = YES_AGGRESSIVE;
				CLANG_WARN_UNREACHABLE_CODE = YES;
				CLANG_WARN__DUPLICATE_METHOD_MATCH = YES;
				COPY_PHASE_STRIP = NO;
				DEBUG_INFORMATION_FORMAT = "dwarf-with-dsym";
				ENABLE_NS_ASSERTIONS = NO;
				ENABLE_STRICT_OBJC_MSGSEND = YES;
				ENABLE_USER_SCRIPT_SANDBOXING = YES;
				GCC_C_LANGUAGE_STANDARD = gnu17;
				GCC_NO_COMMON_BLOCKS = YES;
				GCC_WARN_64_TO_32_BIT_CONVERSION = YES;
				GCC_WARN_ABOUT_RETURN_TYPE = YES_ERROR;
				GCC_WARN_UNDECLARED_SELECTOR = YES;
				GCC_WARN_UNINITIALIZED_AUTOS = YES_AGGRESSIVE;
				GCC_WARN_UNUSED_FUNCTION = YES;
				GCC_WARN_UNUSED_VARIABLE = YES;
				IPHONEOS_DEPLOYMENT_TARGET = 16.0;
				LOCALIZATION_PREFERS_STRING_CATALOGS = YES;
				MTL_ENABLE_DEBUG_INFO = NO;
				MTL_FAST_MATH = YES;
				SDKROOT = iphoneos;
				SWIFT_COMPILATION_MODE = wholemodule;
				VALIDATE_PRODUCT = YES;
			};
			name = Release;
		};
		8059772D2C8A0BDF0059315D /* Debug */ = {
			isa = XCBuildConfiguration;
			buildSettings = {
				ASSETCATALOG_COMPILER_APPICON_NAME = AppIcon;
				ASSETCATALOG_COMPILER_GLOBAL_ACCENT_COLOR_NAME = AccentColor;
				CODE_SIGN_STYLE = Automatic;
				CURRENT_PROJECT_VERSION = 1;
				GENERATE_INFOPLIST_FILE = YES;
				INFOPLIST_FILE = SmartInventory/Info.plist;
				INFOPLIST_KEY_UIApplicationSupportsIndirectInputEvents = YES;
				INFOPLIST_KEY_UILaunchStoryboardName = LaunchScreen;
				INFOPLIST_KEY_UIMainStoryboardFile = Main;
				INFOPLIST_KEY_UISupportedInterfaceOrientations_iPad = "UIInterfaceOrientationPortrait UIInterfaceOrientationPortraitUpsideDown UIInterfaceOrientationLandscapeLeft UIInterfaceOrientationLandscapeRight";
				INFOPLIST_KEY_UISupportedInterfaceOrientations_iPhone = "UIInterfaceOrientationPortrait UIInterfaceOrientationLandscapeLeft UIInterfaceOrientationLandscapeRight";
				IPHONEOS_DEPLOYMENT_TARGET = 16.0;
				LD_RUNPATH_SEARCH_PATHS = (
					"$(inherited)",
					"@executable_path/Frameworks",
				);
				MARKETING_VERSION = 1.0;
				PRODUCT_BUNDLE_IDENTIFIER = "swift.Smart-Inventory";
				PRODUCT_NAME = "$(TARGET_NAME)";
				SWIFT_EMIT_LOC_STRINGS = YES;
				SWIFT_VERSION = 5.0;
				TARGETED_DEVICE_FAMILY = "1,2";
			};
			name = Debug;
		};
		8059772E2C8A0BDF0059315D /* Release */ = {
			isa = XCBuildConfiguration;
			buildSettings = {
				ASSETCATALOG_COMPILER_APPICON_NAME = AppIcon;
				ASSETCATALOG_COMPILER_GLOBAL_ACCENT_COLOR_NAME = AccentColor;
				CODE_SIGN_STYLE = Automatic;
				CURRENT_PROJECT_VERSION = 1;
				GENERATE_INFOPLIST_FILE = YES;
				INFOPLIST_FILE = SmartInventory/Info.plist;
				INFOPLIST_KEY_UIApplicationSupportsIndirectInputEvents = YES;
				INFOPLIST_KEY_UILaunchStoryboardName = LaunchScreen;
				INFOPLIST_KEY_UIMainStoryboardFile = Main;
				INFOPLIST_KEY_UISupportedInterfaceOrientations_iPad = "UIInterfaceOrientationPortrait UIInterfaceOrientationPortraitUpsideDown UIInterfaceOrientationLandscapeLeft UIInterfaceOrientationLandscapeRight";
				INFOPLIST_KEY_UISupportedInterfaceOrientations_iPhone = "UIInterfaceOrientationPortrait UIInterfaceOrientationLandscapeLeft UIInterfaceOrientationLandscapeRight";
				IPHONEOS_DEPLOYMENT_TARGET = 16.0;
				LD_RUNPATH_SEARCH_PATHS = (
					"$(inherited)",
					"@executable_path/Frameworks",
				);
				MARKETING_VERSION = 1.0;
				PRODUCT_BUNDLE_IDENTIFIER = "swift.Smart-Inventory";
				PRODUCT_NAME = "$(TARGET_NAME)";
				SWIFT_EMIT_LOC_STRINGS = YES;
				SWIFT_VERSION = 5.0;
				TARGETED_DEVICE_FAMILY = "1,2";
			};
			name = Release;
		};
/* End XCBuildConfiguration section */

/* Begin XCConfigurationList section */
		805977132C8A0BDD0059315D /* Build configuration list for PBXProject "SmartInventory" */ = {
			isa = XCConfigurationList;
			buildConfigurations = (
				8059772A2C8A0BDF0059315D /* Debug */,
				8059772B2C8A0BDF0059315D /* Release */,
			);
			defaultConfigurationIsVisible = 0;
			defaultConfigurationName = Release;
		};
		8059772C2C8A0BDF0059315D /* Build configuration list for PBXNativeTarget "SmartInventory" */ = {
			isa = XCConfigurationList;
			buildConfigurations = (
				8059772D2C8A0BDF0059315D /* Debug */,
				8059772E2C8A0BDF0059315D /* Release */,
			);
			defaultConfigurationIsVisible = 0;
			defaultConfigurationName = Release;
		};
/* End XCConfigurationList section */

/* Begin XCRemoteSwiftPackageReference section */
		724EBA1E2D0772E400C728B7 /* XCRemoteSwiftPackageReference "Swift-SMTP" */ = {
			isa = XCRemoteSwiftPackageReference;
			repositoryURL = "https://github.com/Kitura/Swift-SMTP.git";
			requirement = {
				kind = upToNextMajorVersion;
				minimumVersion = 6.0.0;
			};
		};
		80169F412CD69EFA002078C5 /* XCRemoteSwiftPackageReference "firebase-ios-sdk" */ = {
			isa = XCRemoteSwiftPackageReference;
			repositoryURL = "https://github.com/firebase/firebase-ios-sdk";
			requirement = {
				kind = upToNextMajorVersion;
				minimumVersion = 11.4.0;
			};
		};
		804A82C02CEE002600851EC5 /* XCRemoteSwiftPackageReference "sendgrid-swift" */ = {
			isa = XCRemoteSwiftPackageReference;
			repositoryURL = "https://github.com/scottkawai/sendgrid-swift.git";
			requirement = {
				kind = upToNextMajorVersion;
				minimumVersion = 2.2.1;
			};
		};
/* End XCRemoteSwiftPackageReference section */

/* Begin XCSwiftPackageProductDependency section */
		724EBA1F2D0772E400C728B7 /* SwiftSMTP */ = {
			isa = XCSwiftPackageProductDependency;
			package = 724EBA1E2D0772E400C728B7 /* XCRemoteSwiftPackageReference "Swift-SMTP" */;
			productName = SwiftSMTP;
		};
		80169F422CD69EFA002078C5 /* FirebaseAnalytics */ = {
			isa = XCSwiftPackageProductDependency;
			package = 80169F412CD69EFA002078C5 /* XCRemoteSwiftPackageReference "firebase-ios-sdk" */;
			productName = FirebaseAnalytics;
		};
		80169F442CD69EFA002078C5 /* FirebaseAnalyticsOnDeviceConversion */ = {
			isa = XCSwiftPackageProductDependency;
			package = 80169F412CD69EFA002078C5 /* XCRemoteSwiftPackageReference "firebase-ios-sdk" */;
			productName = FirebaseAnalyticsOnDeviceConversion;
		};
		80169F462CD69EFA002078C5 /* FirebaseAuth */ = {
			isa = XCSwiftPackageProductDependency;
			package = 80169F412CD69EFA002078C5 /* XCRemoteSwiftPackageReference "firebase-ios-sdk" */;
			productName = FirebaseAuth;
		};
		80169F482CD69EFA002078C5 /* FirebaseCore */ = {
			isa = XCSwiftPackageProductDependency;
			package = 80169F412CD69EFA002078C5 /* XCRemoteSwiftPackageReference "firebase-ios-sdk" */;
			productName = FirebaseCore;
		};
		80169F4A2CD69EFA002078C5 /* FirebaseDatabase */ = {
			isa = XCSwiftPackageProductDependency;
			package = 80169F412CD69EFA002078C5 /* XCRemoteSwiftPackageReference "firebase-ios-sdk" */;
			productName = FirebaseDatabase;
		};
		80169F4C2CD69EFA002078C5 /* FirebaseFirestore */ = {
			isa = XCSwiftPackageProductDependency;
			package = 80169F412CD69EFA002078C5 /* XCRemoteSwiftPackageReference "firebase-ios-sdk" */;
			productName = FirebaseFirestore;
		};
		80169F4E2CD69EFA002078C5 /* FirebaseFunctions */ = {
			isa = XCSwiftPackageProductDependency;
			package = 80169F412CD69EFA002078C5 /* XCRemoteSwiftPackageReference "firebase-ios-sdk" */;
			productName = FirebaseFunctions;
		};
		80169F502CD69EFA002078C5 /* FirebaseInAppMessaging-Beta */ = {
			isa = XCSwiftPackageProductDependency;
			package = 80169F412CD69EFA002078C5 /* XCRemoteSwiftPackageReference "firebase-ios-sdk" */;
			productName = "FirebaseInAppMessaging-Beta";
		};
		80169F522CD69EFA002078C5 /* FirebaseMessaging */ = {
			isa = XCSwiftPackageProductDependency;
			package = 80169F412CD69EFA002078C5 /* XCRemoteSwiftPackageReference "firebase-ios-sdk" */;
			productName = FirebaseMessaging;
		};
		80169F542CD69EFA002078C5 /* FirebaseStorage */ = {
			isa = XCSwiftPackageProductDependency;
			package = 80169F412CD69EFA002078C5 /* XCRemoteSwiftPackageReference "firebase-ios-sdk" */;
			productName = FirebaseStorage;
		};
		80169F562CD69EFA002078C5 /* FirebaseStorageCombine-Community */ = {
			isa = XCSwiftPackageProductDependency;
			package = 80169F412CD69EFA002078C5 /* XCRemoteSwiftPackageReference "firebase-ios-sdk" */;
			productName = "FirebaseStorageCombine-Community";
		};
		804A82C12CEE002600851EC5 /* SendGrid */ = {
			isa = XCSwiftPackageProductDependency;
			package = 804A82C02CEE002600851EC5 /* XCRemoteSwiftPackageReference "sendgrid-swift" */;
			productName = SendGrid;
		};
/* End XCSwiftPackageProductDependency section */
	};
	rootObject = 805977102C8A0BDD0059315D /* Project object */;
}
