// !$*UTF8*$!
{
	archiveVersion = 1;
	classes = {
	};
	objectVersion = 56;
	objects = {

/* Begin PBXBuildFile section */
		431B487F2BF4356600D70628 /* AppDelegate.swift in Sources */ = {isa = PBXBuildFile; fileRef = 431B487E2BF4356600D70628 /* AppDelegate.swift */; };
		431B48812BF4356600D70628 /* SceneDelegate.swift in Sources */ = {isa = PBXBuildFile; fileRef = 431B48802BF4356600D70628 /* SceneDelegate.swift */; };
		431B48832BF4356600D70628 /* ViewController.swift in Sources */ = {isa = PBXBuildFile; fileRef = 431B48822BF4356600D70628 /* ViewController.swift */; };
		431B48862BF4356600D70628 /* Base in Resources */ = {isa = PBXBuildFile; fileRef = 431B48852BF4356600D70628 /* Base */; };
		431B48882BF4356700D70628 /* Assets.xcassets in Resources */ = {isa = PBXBuildFile; fileRef = 431B48872BF4356700D70628 /* Assets.xcassets */; };
		431B488B2BF4356700D70628 /* Base in Resources */ = {isa = PBXBuildFile; fileRef = 431B488A2BF4356700D70628 /* Base */; };
		431B48962BF4356700D70628 /* Smart_InventoryTests.swift in Sources */ = {isa = PBXBuildFile; fileRef = 431B48952BF4356700D70628 /* Smart_InventoryTests.swift */; };
		431B48A02BF4356700D70628 /* Smart_InventoryUITests.swift in Sources */ = {isa = PBXBuildFile; fileRef = 431B489F2BF4356700D70628 /* Smart_InventoryUITests.swift */; };
		431B48A22BF4356700D70628 /* Smart_InventoryUITestsLaunchTests.swift in Sources */ = {isa = PBXBuildFile; fileRef = 431B48A12BF4356700D70628 /* Smart_InventoryUITestsLaunchTests.swift */; };
		C726A5302BFD0A1D00837FA4 /* LoginVC.swift in Sources */ = {isa = PBXBuildFile; fileRef = C726A52F2BFD0A1D00837FA4 /* LoginVC.swift */; };
		C726A5322BFD0A3600837FA4 /* CreateAccountVC.swift in Sources */ = {isa = PBXBuildFile; fileRef = C726A5312BFD0A3600837FA4 /* CreateAccountVC.swift */; };
		C726A5342BFD0A4300837FA4 /* ResetPasswordVC.swift in Sources */ = {isa = PBXBuildFile; fileRef = C726A5332BFD0A4300837FA4 /* ResetPasswordVC.swift */; };
		C7CE0A0C2BFD14F60099E155 /* FirebaseAnalytics in Frameworks */ = {isa = PBXBuildFile; productRef = C7CE0A0B2BFD14F60099E155 /* FirebaseAnalytics */; };
		C7CE0A0E2BFD14F60099E155 /* FirebaseAnalyticsOnDeviceConversion in Frameworks */ = {isa = PBXBuildFile; productRef = C7CE0A0D2BFD14F60099E155 /* FirebaseAnalyticsOnDeviceConversion */; };
		C7CE0A102BFD14F60099E155 /* FirebaseAnalyticsSwift in Frameworks */ = {isa = PBXBuildFile; productRef = C7CE0A0F2BFD14F60099E155 /* FirebaseAnalyticsSwift */; };
		C7CE0A122BFD14F60099E155 /* FirebaseAnalyticsWithoutAdIdSupport in Frameworks */ = {isa = PBXBuildFile; productRef = C7CE0A112BFD14F60099E155 /* FirebaseAnalyticsWithoutAdIdSupport */; };
		C7CE0A142BFD14F60099E155 /* FirebaseAppCheck in Frameworks */ = {isa = PBXBuildFile; productRef = C7CE0A132BFD14F60099E155 /* FirebaseAppCheck */; };
		C7CE0A162BFD14F60099E155 /* FirebaseAppDistribution-Beta in Frameworks */ = {isa = PBXBuildFile; productRef = C7CE0A152BFD14F60099E155 /* FirebaseAppDistribution-Beta */; };
		C7CE0A182BFD14F60099E155 /* FirebaseAuth in Frameworks */ = {isa = PBXBuildFile; productRef = C7CE0A172BFD14F60099E155 /* FirebaseAuth */; };
		C7CE0A1A2BFD14F60099E155 /* FirebaseAuthCombine-Community in Frameworks */ = {isa = PBXBuildFile; productRef = C7CE0A192BFD14F60099E155 /* FirebaseAuthCombine-Community */; };
		C7CE0A1C2BFD14F60099E155 /* FirebaseCrashlytics in Frameworks */ = {isa = PBXBuildFile; productRef = C7CE0A1B2BFD14F60099E155 /* FirebaseCrashlytics */; };
		C7CE0A1E2BFD14F60099E155 /* FirebaseDatabase in Frameworks */ = {isa = PBXBuildFile; productRef = C7CE0A1D2BFD14F60099E155 /* FirebaseDatabase */; };
		C7CE0A202BFD14F60099E155 /* FirebaseDatabaseSwift in Frameworks */ = {isa = PBXBuildFile; productRef = C7CE0A1F2BFD14F60099E155 /* FirebaseDatabaseSwift */; };
		C7CE0A222BFD14F60099E155 /* FirebaseDynamicLinks in Frameworks */ = {isa = PBXBuildFile; productRef = C7CE0A212BFD14F60099E155 /* FirebaseDynamicLinks */; };
		C7CE0A242BFD14F60099E155 /* FirebaseFirestore in Frameworks */ = {isa = PBXBuildFile; productRef = C7CE0A232BFD14F60099E155 /* FirebaseFirestore */; };
		C7CE0A262BFD14F60099E155 /* FirebaseFirestoreCombine-Community in Frameworks */ = {isa = PBXBuildFile; productRef = C7CE0A252BFD14F60099E155 /* FirebaseFirestoreCombine-Community */; };
		C7CE0A282BFD14F60099E155 /* FirebaseFirestoreSwift in Frameworks */ = {isa = PBXBuildFile; productRef = C7CE0A272BFD14F60099E155 /* FirebaseFirestoreSwift */; };
		C7CE0A2A2BFD14F60099E155 /* FirebaseFunctions in Frameworks */ = {isa = PBXBuildFile; productRef = C7CE0A292BFD14F60099E155 /* FirebaseFunctions */; };
		C7CE0A2C2BFD14F60099E155 /* FirebaseFunctionsCombine-Community in Frameworks */ = {isa = PBXBuildFile; productRef = C7CE0A2B2BFD14F60099E155 /* FirebaseFunctionsCombine-Community */; };
		C7CE0A2E2BFD14F60099E155 /* FirebaseInAppMessaging-Beta in Frameworks */ = {isa = PBXBuildFile; productRef = C7CE0A2D2BFD14F60099E155 /* FirebaseInAppMessaging-Beta */; };
		C7CE0A302BFD14F60099E155 /* FirebaseInAppMessagingSwift-Beta in Frameworks */ = {isa = PBXBuildFile; productRef = C7CE0A2F2BFD14F60099E155 /* FirebaseInAppMessagingSwift-Beta */; };
		C7CE0A322BFD14F60099E155 /* FirebaseInstallations in Frameworks */ = {isa = PBXBuildFile; productRef = C7CE0A312BFD14F60099E155 /* FirebaseInstallations */; };
		C7CE0A342BFD14F60099E155 /* FirebaseMLModelDownloader in Frameworks */ = {isa = PBXBuildFile; productRef = C7CE0A332BFD14F60099E155 /* FirebaseMLModelDownloader */; };
		C7CE0A362BFD14F60099E155 /* FirebaseMessaging in Frameworks */ = {isa = PBXBuildFile; productRef = C7CE0A352BFD14F60099E155 /* FirebaseMessaging */; };
		C7CE0A382BFD14F60099E155 /* FirebasePerformance in Frameworks */ = {isa = PBXBuildFile; productRef = C7CE0A372BFD14F60099E155 /* FirebasePerformance */; };
		C7CE0A3A2BFD14F60099E155 /* FirebaseRemoteConfig in Frameworks */ = {isa = PBXBuildFile; productRef = C7CE0A392BFD14F60099E155 /* FirebaseRemoteConfig */; };
		C7CE0A3C2BFD14F60099E155 /* FirebaseRemoteConfigSwift in Frameworks */ = {isa = PBXBuildFile; productRef = C7CE0A3B2BFD14F60099E155 /* FirebaseRemoteConfigSwift */; };
		C7CE0A3E2BFD14F60099E155 /* FirebaseStorage in Frameworks */ = {isa = PBXBuildFile; productRef = C7CE0A3D2BFD14F60099E155 /* FirebaseStorage */; };
		C7CE0A402BFD14F60099E155 /* FirebaseStorageCombine-Community in Frameworks */ = {isa = PBXBuildFile; productRef = C7CE0A3F2BFD14F60099E155 /* FirebaseStorageCombine-Community */; };
		C7CE0A422BFD14F60099E155 /* FirebaseVertexAI-Preview in Frameworks */ = {isa = PBXBuildFile; productRef = C7CE0A412BFD14F60099E155 /* FirebaseVertexAI-Preview */; };
		C7CE0A442BFD165B0099E155 /* GoogleService-Info.plist in Resources */ = {isa = PBXBuildFile; fileRef = C7CE0A432BFD165B0099E155 /* GoogleService-Info.plist */; };
/* End PBXBuildFile section */

/* Begin PBXContainerItemProxy section */
		431B48922BF4356700D70628 /* PBXContainerItemProxy */ = {
			isa = PBXContainerItemProxy;
			containerPortal = 431B48732BF4356600D70628 /* Project object */;
			proxyType = 1;
			remoteGlobalIDString = 431B487A2BF4356600D70628;
			remoteInfo = "Smart Inventory";
		};
		431B489C2BF4356700D70628 /* PBXContainerItemProxy */ = {
			isa = PBXContainerItemProxy;
			containerPortal = 431B48732BF4356600D70628 /* Project object */;
			proxyType = 1;
			remoteGlobalIDString = 431B487A2BF4356600D70628;
			remoteInfo = "Smart Inventory";
		};
/* End PBXContainerItemProxy section */

/* Begin PBXFileReference section */
		431B487B2BF4356600D70628 /* Smart Inventory.app */ = {isa = PBXFileReference; explicitFileType = wrapper.application; includeInIndex = 0; path = "Smart Inventory.app"; sourceTree = BUILT_PRODUCTS_DIR; };
		431B487E2BF4356600D70628 /* AppDelegate.swift */ = {isa = PBXFileReference; lastKnownFileType = sourcecode.swift; path = AppDelegate.swift; sourceTree = "<group>"; };
		431B48802BF4356600D70628 /* SceneDelegate.swift */ = {isa = PBXFileReference; lastKnownFileType = sourcecode.swift; path = SceneDelegate.swift; sourceTree = "<group>"; };
		431B48822BF4356600D70628 /* ViewController.swift */ = {isa = PBXFileReference; lastKnownFileType = sourcecode.swift; path = ViewController.swift; sourceTree = "<group>"; };
		431B48852BF4356600D70628 /* Base */ = {isa = PBXFileReference; lastKnownFileType = file.storyboard; name = Base; path = Base.lproj/Main.storyboard; sourceTree = "<group>"; };
		431B48872BF4356700D70628 /* Assets.xcassets */ = {isa = PBXFileReference; lastKnownFileType = folder.assetcatalog; path = Assets.xcassets; sourceTree = "<group>"; };
		431B488A2BF4356700D70628 /* Base */ = {isa = PBXFileReference; lastKnownFileType = file.storyboard; name = Base; path = Base.lproj/LaunchScreen.storyboard; sourceTree = "<group>"; };
		431B488C2BF4356700D70628 /* Info.plist */ = {isa = PBXFileReference; lastKnownFileType = text.plist.xml; path = Info.plist; sourceTree = "<group>"; };
		431B48912BF4356700D70628 /* Smart InventoryTests.xctest */ = {isa = PBXFileReference; explicitFileType = wrapper.cfbundle; includeInIndex = 0; path = "Smart InventoryTests.xctest"; sourceTree = BUILT_PRODUCTS_DIR; };
		431B48952BF4356700D70628 /* Smart_InventoryTests.swift */ = {isa = PBXFileReference; lastKnownFileType = sourcecode.swift; path = Smart_InventoryTests.swift; sourceTree = "<group>"; };
		431B489B2BF4356700D70628 /* Smart InventoryUITests.xctest */ = {isa = PBXFileReference; explicitFileType = wrapper.cfbundle; includeInIndex = 0; path = "Smart InventoryUITests.xctest"; sourceTree = BUILT_PRODUCTS_DIR; };
		431B489F2BF4356700D70628 /* Smart_InventoryUITests.swift */ = {isa = PBXFileReference; lastKnownFileType = sourcecode.swift; path = Smart_InventoryUITests.swift; sourceTree = "<group>"; };
		431B48A12BF4356700D70628 /* Smart_InventoryUITestsLaunchTests.swift */ = {isa = PBXFileReference; lastKnownFileType = sourcecode.swift; path = Smart_InventoryUITestsLaunchTests.swift; sourceTree = "<group>"; };
		C726A52F2BFD0A1D00837FA4 /* LoginVC.swift */ = {isa = PBXFileReference; lastKnownFileType = sourcecode.swift; path = LoginVC.swift; sourceTree = "<group>"; };
		C726A5312BFD0A3600837FA4 /* CreateAccountVC.swift */ = {isa = PBXFileReference; lastKnownFileType = sourcecode.swift; path = CreateAccountVC.swift; sourceTree = "<group>"; };
		C726A5332BFD0A4300837FA4 /* ResetPasswordVC.swift */ = {isa = PBXFileReference; lastKnownFileType = sourcecode.swift; path = ResetPasswordVC.swift; sourceTree = "<group>"; };
		C7CE0A432BFD165B0099E155 /* GoogleService-Info.plist */ = {isa = PBXFileReference; fileEncoding = 4; lastKnownFileType = text.plist.xml; path = "GoogleService-Info.plist"; sourceTree = "<group>"; };
/* End PBXFileReference section */

/* Begin PBXFrameworksBuildPhase section */
		431B48782BF4356600D70628 /* Frameworks */ = {
			isa = PBXFrameworksBuildPhase;
			buildActionMask = 2147483647;
			files = (
				C7CE0A1E2BFD14F60099E155 /* FirebaseDatabase in Frameworks */,
				C7CE0A2C2BFD14F60099E155 /* FirebaseFunctionsCombine-Community in Frameworks */,
				C7CE0A242BFD14F60099E155 /* FirebaseFirestore in Frameworks */,
				C7CE0A102BFD14F60099E155 /* FirebaseAnalyticsSwift in Frameworks */,
				C7CE0A0C2BFD14F60099E155 /* FirebaseAnalytics in Frameworks */,
				C7CE0A0E2BFD14F60099E155 /* FirebaseAnalyticsOnDeviceConversion in Frameworks */,
				C7CE0A342BFD14F60099E155 /* FirebaseMLModelDownloader in Frameworks */,
				C7CE0A282BFD14F60099E155 /* FirebaseFirestoreSwift in Frameworks */,
				C7CE0A142BFD14F60099E155 /* FirebaseAppCheck in Frameworks */,
				C7CE0A122BFD14F60099E155 /* FirebaseAnalyticsWithoutAdIdSupport in Frameworks */,
				C7CE0A182BFD14F60099E155 /* FirebaseAuth in Frameworks */,
				C7CE0A1C2BFD14F60099E155 /* FirebaseCrashlytics in Frameworks */,
				C7CE0A3C2BFD14F60099E155 /* FirebaseRemoteConfigSwift in Frameworks */,
				C7CE0A2E2BFD14F60099E155 /* FirebaseInAppMessaging-Beta in Frameworks */,
				C7CE0A202BFD14F60099E155 /* FirebaseDatabaseSwift in Frameworks */,
				C7CE0A2A2BFD14F60099E155 /* FirebaseFunctions in Frameworks */,
				C7CE0A402BFD14F60099E155 /* FirebaseStorageCombine-Community in Frameworks */,
				C7CE0A3A2BFD14F60099E155 /* FirebaseRemoteConfig in Frameworks */,
				C7CE0A162BFD14F60099E155 /* FirebaseAppDistribution-Beta in Frameworks */,
				C7CE0A1A2BFD14F60099E155 /* FirebaseAuthCombine-Community in Frameworks */,
				C7CE0A382BFD14F60099E155 /* FirebasePerformance in Frameworks */,
				C7CE0A302BFD14F60099E155 /* FirebaseInAppMessagingSwift-Beta in Frameworks */,
				C7CE0A3E2BFD14F60099E155 /* FirebaseStorage in Frameworks */,
				C7CE0A222BFD14F60099E155 /* FirebaseDynamicLinks in Frameworks */,
				C7CE0A422BFD14F60099E155 /* FirebaseVertexAI-Preview in Frameworks */,
				C7CE0A262BFD14F60099E155 /* FirebaseFirestoreCombine-Community in Frameworks */,
				C7CE0A362BFD14F60099E155 /* FirebaseMessaging in Frameworks */,
				C7CE0A322BFD14F60099E155 /* FirebaseInstallations in Frameworks */,
			);
			runOnlyForDeploymentPostprocessing = 0;
		};
		431B488E2BF4356700D70628 /* Frameworks */ = {
			isa = PBXFrameworksBuildPhase;
			buildActionMask = 2147483647;
			files = (
			);
			runOnlyForDeploymentPostprocessing = 0;
		};
		431B48982BF4356700D70628 /* Frameworks */ = {
			isa = PBXFrameworksBuildPhase;
			buildActionMask = 2147483647;
			files = (
			);
			runOnlyForDeploymentPostprocessing = 0;
		};
/* End PBXFrameworksBuildPhase section */

/* Begin PBXGroup section */
		431B48722BF4356600D70628 = {
			isa = PBXGroup;
			children = (
				431B487D2BF4356600D70628 /* Smart Inventory */,
				431B48942BF4356700D70628 /* Smart InventoryTests */,
				431B489E2BF4356700D70628 /* Smart InventoryUITests */,
				431B487C2BF4356600D70628 /* Products */,
			);
			sourceTree = "<group>";
		};
		431B487C2BF4356600D70628 /* Products */ = {
			isa = PBXGroup;
			children = (
				431B487B2BF4356600D70628 /* Smart Inventory.app */,
				431B48912BF4356700D70628 /* Smart InventoryTests.xctest */,
				431B489B2BF4356700D70628 /* Smart InventoryUITests.xctest */,
			);
			name = Products;
			sourceTree = "<group>";
		};
		431B487D2BF4356600D70628 /* Smart Inventory */ = {
			isa = PBXGroup;
			children = (
				431B487E2BF4356600D70628 /* AppDelegate.swift */,
				431B48802BF4356600D70628 /* SceneDelegate.swift */,
				431B48822BF4356600D70628 /* ViewController.swift */,
				431B48842BF4356600D70628 /* Main.storyboard */,
				C726A52F2BFD0A1D00837FA4 /* LoginVC.swift */,
				C726A5312BFD0A3600837FA4 /* CreateAccountVC.swift */,
				C726A5332BFD0A4300837FA4 /* ResetPasswordVC.swift */,
				431B48872BF4356700D70628 /* Assets.xcassets */,
				431B48892BF4356700D70628 /* LaunchScreen.storyboard */,
				C7CE0A432BFD165B0099E155 /* GoogleService-Info.plist */,
				431B488C2BF4356700D70628 /* Info.plist */,
			);
			path = "Smart Inventory";
			sourceTree = "<group>";
		};
		431B48942BF4356700D70628 /* Smart InventoryTests */ = {
			isa = PBXGroup;
			children = (
				431B48952BF4356700D70628 /* Smart_InventoryTests.swift */,
			);
			path = "Smart InventoryTests";
			sourceTree = "<group>";
		};
		431B489E2BF4356700D70628 /* Smart InventoryUITests */ = {
			isa = PBXGroup;
			children = (
				431B489F2BF4356700D70628 /* Smart_InventoryUITests.swift */,
				431B48A12BF4356700D70628 /* Smart_InventoryUITestsLaunchTests.swift */,
			);
			path = "Smart InventoryUITests";
			sourceTree = "<group>";
		};
/* End PBXGroup section */

/* Begin PBXNativeTarget section */
		431B487A2BF4356600D70628 /* Smart Inventory */ = {
			isa = PBXNativeTarget;
			buildConfigurationList = 431B48A52BF4356700D70628 /* Build configuration list for PBXNativeTarget "Smart Inventory" */;
			buildPhases = (
				431B48772BF4356600D70628 /* Sources */,
				431B48782BF4356600D70628 /* Frameworks */,
				431B48792BF4356600D70628 /* Resources */,
			);
			buildRules = (
			);
			dependencies = (
			);
			name = "Smart Inventory";
			packageProductDependencies = (
				C7CE0A0B2BFD14F60099E155 /* FirebaseAnalytics */,
				C7CE0A0D2BFD14F60099E155 /* FirebaseAnalyticsOnDeviceConversion */,
				C7CE0A0F2BFD14F60099E155 /* FirebaseAnalyticsSwift */,
				C7CE0A112BFD14F60099E155 /* FirebaseAnalyticsWithoutAdIdSupport */,
				C7CE0A132BFD14F60099E155 /* FirebaseAppCheck */,
				C7CE0A152BFD14F60099E155 /* FirebaseAppDistribution-Beta */,
				C7CE0A172BFD14F60099E155 /* FirebaseAuth */,
				C7CE0A192BFD14F60099E155 /* FirebaseAuthCombine-Community */,
				C7CE0A1B2BFD14F60099E155 /* FirebaseCrashlytics */,
				C7CE0A1D2BFD14F60099E155 /* FirebaseDatabase */,
				C7CE0A1F2BFD14F60099E155 /* FirebaseDatabaseSwift */,
				C7CE0A212BFD14F60099E155 /* FirebaseDynamicLinks */,
				C7CE0A232BFD14F60099E155 /* FirebaseFirestore */,
				C7CE0A252BFD14F60099E155 /* FirebaseFirestoreCombine-Community */,
				C7CE0A272BFD14F60099E155 /* FirebaseFirestoreSwift */,
				C7CE0A292BFD14F60099E155 /* FirebaseFunctions */,
				C7CE0A2B2BFD14F60099E155 /* FirebaseFunctionsCombine-Community */,
				C7CE0A2D2BFD14F60099E155 /* FirebaseInAppMessaging-Beta */,
				C7CE0A2F2BFD14F60099E155 /* FirebaseInAppMessagingSwift-Beta */,
				C7CE0A312BFD14F60099E155 /* FirebaseInstallations */,
				C7CE0A332BFD14F60099E155 /* FirebaseMLModelDownloader */,
				C7CE0A352BFD14F60099E155 /* FirebaseMessaging */,
				C7CE0A372BFD14F60099E155 /* FirebasePerformance */,
				C7CE0A392BFD14F60099E155 /* FirebaseRemoteConfig */,
				C7CE0A3B2BFD14F60099E155 /* FirebaseRemoteConfigSwift */,
				C7CE0A3D2BFD14F60099E155 /* FirebaseStorage */,
				C7CE0A3F2BFD14F60099E155 /* FirebaseStorageCombine-Community */,
				C7CE0A412BFD14F60099E155 /* FirebaseVertexAI-Preview */,
			);
			productName = "Smart Inventory";
			productReference = 431B487B2BF4356600D70628 /* Smart Inventory.app */;
			productType = "com.apple.product-type.application";
		};
		431B48902BF4356700D70628 /* Smart InventoryTests */ = {
			isa = PBXNativeTarget;
			buildConfigurationList = 431B48A82BF4356700D70628 /* Build configuration list for PBXNativeTarget "Smart InventoryTests" */;
			buildPhases = (
				431B488D2BF4356700D70628 /* Sources */,
				431B488E2BF4356700D70628 /* Frameworks */,
				431B488F2BF4356700D70628 /* Resources */,
			);
			buildRules = (
			);
			dependencies = (
				431B48932BF4356700D70628 /* PBXTargetDependency */,
			);
			name = "Smart InventoryTests";
			productName = "Smart InventoryTests";
			productReference = 431B48912BF4356700D70628 /* Smart InventoryTests.xctest */;
			productType = "com.apple.product-type.bundle.unit-test";
		};
		431B489A2BF4356700D70628 /* Smart InventoryUITests */ = {
			isa = PBXNativeTarget;
			buildConfigurationList = 431B48AB2BF4356700D70628 /* Build configuration list for PBXNativeTarget "Smart InventoryUITests" */;
			buildPhases = (
				431B48972BF4356700D70628 /* Sources */,
				431B48982BF4356700D70628 /* Frameworks */,
				431B48992BF4356700D70628 /* Resources */,
			);
			buildRules = (
			);
			dependencies = (
				431B489D2BF4356700D70628 /* PBXTargetDependency */,
			);
			name = "Smart InventoryUITests";
			productName = "Smart InventoryUITests";
			productReference = 431B489B2BF4356700D70628 /* Smart InventoryUITests.xctest */;
			productType = "com.apple.product-type.bundle.ui-testing";
		};
/* End PBXNativeTarget section */

/* Begin PBXProject section */
		431B48732BF4356600D70628 /* Project object */ = {
			isa = PBXProject;
			attributes = {
				BuildIndependentTargetsInParallel = 1;
				LastSwiftUpdateCheck = 1540;
				LastUpgradeCheck = 1540;
				TargetAttributes = {
					431B487A2BF4356600D70628 = {
						CreatedOnToolsVersion = 15.4;
					};
					431B48902BF4356700D70628 = {
						CreatedOnToolsVersion = 15.4;
						TestTargetID = 431B487A2BF4356600D70628;
					};
					431B489A2BF4356700D70628 = {
						CreatedOnToolsVersion = 15.4;
						TestTargetID = 431B487A2BF4356600D70628;
					};
				};
			};
			buildConfigurationList = 431B48762BF4356600D70628 /* Build configuration list for PBXProject "Smart Inventory" */;
			compatibilityVersion = "Xcode 14.0";
			developmentRegion = en;
			hasScannedForEncodings = 0;
			knownRegions = (
				en,
				Base,
			);
			mainGroup = 431B48722BF4356600D70628;
			packageReferences = (
				C7CE0A0A2BFD14F60099E155 /* XCRemoteSwiftPackageReference "firebase-ios-sdk" */,
			);
			productRefGroup = 431B487C2BF4356600D70628 /* Products */;
			projectDirPath = "";
			projectRoot = "";
			targets = (
				431B487A2BF4356600D70628 /* Smart Inventory */,
				431B48902BF4356700D70628 /* Smart InventoryTests */,
				431B489A2BF4356700D70628 /* Smart InventoryUITests */,
			);
		};
/* End PBXProject section */

/* Begin PBXResourcesBuildPhase section */
		431B48792BF4356600D70628 /* Resources */ = {
			isa = PBXResourcesBuildPhase;
			buildActionMask = 2147483647;
			files = (
				431B48882BF4356700D70628 /* Assets.xcassets in Resources */,
				C7CE0A442BFD165B0099E155 /* GoogleService-Info.plist in Resources */,
				431B488B2BF4356700D70628 /* Base in Resources */,
				431B48862BF4356600D70628 /* Base in Resources */,
			);
			runOnlyForDeploymentPostprocessing = 0;
		};
		431B488F2BF4356700D70628 /* Resources */ = {
			isa = PBXResourcesBuildPhase;
			buildActionMask = 2147483647;
			files = (
			);
			runOnlyForDeploymentPostprocessing = 0;
		};
		431B48992BF4356700D70628 /* Resources */ = {
			isa = PBXResourcesBuildPhase;
			buildActionMask = 2147483647;
			files = (
			);
			runOnlyForDeploymentPostprocessing = 0;
		};
/* End PBXResourcesBuildPhase section */

/* Begin PBXSourcesBuildPhase section */
		431B48772BF4356600D70628 /* Sources */ = {
			isa = PBXSourcesBuildPhase;
			buildActionMask = 2147483647;
			files = (
				431B48832BF4356600D70628 /* ViewController.swift in Sources */,
				431B487F2BF4356600D70628 /* AppDelegate.swift in Sources */,
				C726A5302BFD0A1D00837FA4 /* LoginVC.swift in Sources */,
				C726A5322BFD0A3600837FA4 /* CreateAccountVC.swift in Sources */,
				431B48812BF4356600D70628 /* SceneDelegate.swift in Sources */,
				C726A5342BFD0A4300837FA4 /* ResetPasswordVC.swift in Sources */,
			);
			runOnlyForDeploymentPostprocessing = 0;
		};
		431B488D2BF4356700D70628 /* Sources */ = {
			isa = PBXSourcesBuildPhase;
			buildActionMask = 2147483647;
			files = (
				431B48962BF4356700D70628 /* Smart_InventoryTests.swift in Sources */,
			);
			runOnlyForDeploymentPostprocessing = 0;
		};
		431B48972BF4356700D70628 /* Sources */ = {
			isa = PBXSourcesBuildPhase;
			buildActionMask = 2147483647;
			files = (
				431B48A02BF4356700D70628 /* Smart_InventoryUITests.swift in Sources */,
				431B48A22BF4356700D70628 /* Smart_InventoryUITestsLaunchTests.swift in Sources */,
			);
			runOnlyForDeploymentPostprocessing = 0;
		};
/* End PBXSourcesBuildPhase section */

/* Begin PBXTargetDependency section */
		431B48932BF4356700D70628 /* PBXTargetDependency */ = {
			isa = PBXTargetDependency;
			target = 431B487A2BF4356600D70628 /* Smart Inventory */;
			targetProxy = 431B48922BF4356700D70628 /* PBXContainerItemProxy */;
		};
		431B489D2BF4356700D70628 /* PBXTargetDependency */ = {
			isa = PBXTargetDependency;
			target = 431B487A2BF4356600D70628 /* Smart Inventory */;
			targetProxy = 431B489C2BF4356700D70628 /* PBXContainerItemProxy */;
		};
/* End PBXTargetDependency section */

/* Begin PBXVariantGroup section */
		431B48842BF4356600D70628 /* Main.storyboard */ = {
			isa = PBXVariantGroup;
			children = (
				431B48852BF4356600D70628 /* Base */,
			);
			name = Main.storyboard;
			sourceTree = "<group>";
		};
		431B48892BF4356700D70628 /* LaunchScreen.storyboard */ = {
			isa = PBXVariantGroup;
			children = (
				431B488A2BF4356700D70628 /* Base */,
			);
			name = LaunchScreen.storyboard;
			sourceTree = "<group>";
		};
/* End PBXVariantGroup section */

/* Begin XCBuildConfiguration section */
		431B48A32BF4356700D70628 /* Debug */ = {
			isa = XCBuildConfiguration;
			buildSettings = {
				ALWAYS_SEARCH_USER_PATHS = NO;
				ASSETCATALOG_COMPILER_GENERATE_SWIFT_ASSET_SYMBOL_EXTENSIONS = YES;
				CLANG_ANALYZER_NONNULL = YES;
				CLANG_ANALYZER_NUMBER_OBJECT_CONVERSION = YES_AGGRESSIVE;
				CLANG_CXX_LANGUAGE_STANDARD = "gnu++20";
				CLANG_ENABLE_MODULES = YES;
				CLANG_ENABLE_OBJC_ARC = YES;
				CLANG_ENABLE_OBJC_WEAK = YES;
				CLANG_WARN_BLOCK_CAPTURE_AUTORELEASING = YES;
				CLANG_WARN_BOOL_CONVERSION = YES;
				CLANG_WARN_COMMA = YES;
				CLANG_WARN_CONSTANT_CONVERSION = YES;
				CLANG_WARN_DEPRECATED_OBJC_IMPLEMENTATIONS = YES;
				CLANG_WARN_DIRECT_OBJC_ISA_USAGE = YES_ERROR;
				CLANG_WARN_DOCUMENTATION_COMMENTS = YES;
				CLANG_WARN_EMPTY_BODY = YES;
				CLANG_WARN_ENUM_CONVERSION = YES;
				CLANG_WARN_INFINITE_RECURSION = YES;
				CLANG_WARN_INT_CONVERSION = YES;
				CLANG_WARN_NON_LITERAL_NULL_CONVERSION = YES;
				CLANG_WARN_OBJC_IMPLICIT_RETAIN_SELF = YES;
				CLANG_WARN_OBJC_LITERAL_CONVERSION = YES;
				CLANG_WARN_OBJC_ROOT_CLASS = YES_ERROR;
				CLANG_WARN_QUOTED_INCLUDE_IN_FRAMEWORK_HEADER = YES;
				CLANG_WARN_RANGE_LOOP_ANALYSIS = YES;
				CLANG_WARN_STRICT_PROTOTYPES = YES;
				CLANG_WARN_SUSPICIOUS_MOVE = YES;
				CLANG_WARN_UNGUARDED_AVAILABILITY = YES_AGGRESSIVE;
				CLANG_WARN_UNREACHABLE_CODE = YES;
				CLANG_WARN__DUPLICATE_METHOD_MATCH = YES;
				COPY_PHASE_STRIP = NO;
				DEBUG_INFORMATION_FORMAT = dwarf;
				ENABLE_STRICT_OBJC_MSGSEND = YES;
				ENABLE_TESTABILITY = YES;
				ENABLE_USER_SCRIPT_SANDBOXING = YES;
				GCC_C_LANGUAGE_STANDARD = gnu17;
				GCC_DYNAMIC_NO_PIC = NO;
				GCC_NO_COMMON_BLOCKS = YES;
				GCC_OPTIMIZATION_LEVEL = 0;
				GCC_PREPROCESSOR_DEFINITIONS = (
					"DEBUG=1",
					"$(inherited)",
				);
				GCC_WARN_64_TO_32_BIT_CONVERSION = YES;
				GCC_WARN_ABOUT_RETURN_TYPE = YES_ERROR;
				GCC_WARN_UNDECLARED_SELECTOR = YES;
				GCC_WARN_UNINITIALIZED_AUTOS = YES_AGGRESSIVE;
				GCC_WARN_UNUSED_FUNCTION = YES;
				GCC_WARN_UNUSED_VARIABLE = YES;
				IPHONEOS_DEPLOYMENT_TARGET = 17.5;
				LOCALIZATION_PREFERS_STRING_CATALOGS = YES;
				MTL_ENABLE_DEBUG_INFO = INCLUDE_SOURCE;
				MTL_FAST_MATH = YES;
				ONLY_ACTIVE_ARCH = YES;
				SDKROOT = iphoneos;
				SWIFT_ACTIVE_COMPILATION_CONDITIONS = "DEBUG $(inherited)";
				SWIFT_OPTIMIZATION_LEVEL = "-Onone";
			};
			name = Debug;
		};
		431B48A42BF4356700D70628 /* Release */ = {
			isa = XCBuildConfiguration;
			buildSettings = {
				ALWAYS_SEARCH_USER_PATHS = NO;
				ASSETCATALOG_COMPILER_GENERATE_SWIFT_ASSET_SYMBOL_EXTENSIONS = YES;
				CLANG_ANALYZER_NONNULL = YES;
				CLANG_ANALYZER_NUMBER_OBJECT_CONVERSION = YES_AGGRESSIVE;
				CLANG_CXX_LANGUAGE_STANDARD = "gnu++20";
				CLANG_ENABLE_MODULES = YES;
				CLANG_ENABLE_OBJC_ARC = YES;
				CLANG_ENABLE_OBJC_WEAK = YES;
				CLANG_WARN_BLOCK_CAPTURE_AUTORELEASING = YES;
				CLANG_WARN_BOOL_CONVERSION = YES;
				CLANG_WARN_COMMA = YES;
				CLANG_WARN_CONSTANT_CONVERSION = YES;
				CLANG_WARN_DEPRECATED_OBJC_IMPLEMENTATIONS = YES;
				CLANG_WARN_DIRECT_OBJC_ISA_USAGE = YES_ERROR;
				CLANG_WARN_DOCUMENTATION_COMMENTS = YES;
				CLANG_WARN_EMPTY_BODY = YES;
				CLANG_WARN_ENUM_CONVERSION = YES;
				CLANG_WARN_INFINITE_RECURSION = YES;
				CLANG_WARN_INT_CONVERSION = YES;
				CLANG_WARN_NON_LITERAL_NULL_CONVERSION = YES;
				CLANG_WARN_OBJC_IMPLICIT_RETAIN_SELF = YES;
				CLANG_WARN_OBJC_LITERAL_CONVERSION = YES;
				CLANG_WARN_OBJC_ROOT_CLASS = YES_ERROR;
				CLANG_WARN_QUOTED_INCLUDE_IN_FRAMEWORK_HEADER = YES;
				CLANG_WARN_RANGE_LOOP_ANALYSIS = YES;
				CLANG_WARN_STRICT_PROTOTYPES = YES;
				CLANG_WARN_SUSPICIOUS_MOVE = YES;
				CLANG_WARN_UNGUARDED_AVAILABILITY = YES_AGGRESSIVE;
				CLANG_WARN_UNREACHABLE_CODE = YES;
				CLANG_WARN__DUPLICATE_METHOD_MATCH = YES;
				COPY_PHASE_STRIP = NO;
				DEBUG_INFORMATION_FORMAT = "dwarf-with-dsym";
				ENABLE_NS_ASSERTIONS = NO;
				ENABLE_STRICT_OBJC_MSGSEND = YES;
				ENABLE_USER_SCRIPT_SANDBOXING = YES;
				GCC_C_LANGUAGE_STANDARD = gnu17;
				GCC_NO_COMMON_BLOCKS = YES;
				GCC_WARN_64_TO_32_BIT_CONVERSION = YES;
				GCC_WARN_ABOUT_RETURN_TYPE = YES_ERROR;
				GCC_WARN_UNDECLARED_SELECTOR = YES;
				GCC_WARN_UNINITIALIZED_AUTOS = YES_AGGRESSIVE;
				GCC_WARN_UNUSED_FUNCTION = YES;
				GCC_WARN_UNUSED_VARIABLE = YES;
				IPHONEOS_DEPLOYMENT_TARGET = 17.5;
				LOCALIZATION_PREFERS_STRING_CATALOGS = YES;
				MTL_ENABLE_DEBUG_INFO = NO;
				MTL_FAST_MATH = YES;
				SDKROOT = iphoneos;
				SWIFT_COMPILATION_MODE = wholemodule;
				VALIDATE_PRODUCT = YES;
			};
			name = Release;
		};
		431B48A62BF4356700D70628 /* Debug */ = {
			isa = XCBuildConfiguration;
			buildSettings = {
				ASSETCATALOG_COMPILER_APPICON_NAME = AppIcon;
				ASSETCATALOG_COMPILER_GLOBAL_ACCENT_COLOR_NAME = AccentColor;
				CODE_SIGN_STYLE = Automatic;
				CURRENT_PROJECT_VERSION = 1;
				GENERATE_INFOPLIST_FILE = YES;
				INFOPLIST_FILE = "Smart Inventory/Info.plist";
				INFOPLIST_KEY_UIApplicationSupportsIndirectInputEvents = YES;
				INFOPLIST_KEY_UILaunchStoryboardName = LaunchScreen;
				INFOPLIST_KEY_UIMainStoryboardFile = Main;
				INFOPLIST_KEY_UISupportedInterfaceOrientations_iPad = "UIInterfaceOrientationPortrait UIInterfaceOrientationPortraitUpsideDown UIInterfaceOrientationLandscapeLeft UIInterfaceOrientationLandscapeRight";
				INFOPLIST_KEY_UISupportedInterfaceOrientations_iPhone = "UIInterfaceOrientationPortrait UIInterfaceOrientationLandscapeLeft UIInterfaceOrientationLandscapeRight";
				LD_RUNPATH_SEARCH_PATHS = (
					"$(inherited)",
					"@executable_path/Frameworks",
				);
				MARKETING_VERSION = 1.0;
				PRODUCT_BUNDLE_IDENTIFIER = "swift.Smart-Inventory";
				PRODUCT_NAME = "$(TARGET_NAME)";
				SWIFT_EMIT_LOC_STRINGS = YES;
				SWIFT_VERSION = 5.0;
				TARGETED_DEVICE_FAMILY = "1,2";
			};
			name = Debug;
		};
		431B48A72BF4356700D70628 /* Release */ = {
			isa = XCBuildConfiguration;
			buildSettings = {
				ASSETCATALOG_COMPILER_APPICON_NAME = AppIcon;
				ASSETCATALOG_COMPILER_GLOBAL_ACCENT_COLOR_NAME = AccentColor;
				CODE_SIGN_STYLE = Automatic;
				CURRENT_PROJECT_VERSION = 1;
				GENERATE_INFOPLIST_FILE = YES;
				INFOPLIST_FILE = "Smart Inventory/Info.plist";
				INFOPLIST_KEY_UIApplicationSupportsIndirectInputEvents = YES;
				INFOPLIST_KEY_UILaunchStoryboardName = LaunchScreen;
				INFOPLIST_KEY_UIMainStoryboardFile = Main;
				INFOPLIST_KEY_UISupportedInterfaceOrientations_iPad = "UIInterfaceOrientationPortrait UIInterfaceOrientationPortraitUpsideDown UIInterfaceOrientationLandscapeLeft UIInterfaceOrientationLandscapeRight";
				INFOPLIST_KEY_UISupportedInterfaceOrientations_iPhone = "UIInterfaceOrientationPortrait UIInterfaceOrientationLandscapeLeft UIInterfaceOrientationLandscapeRight";
				LD_RUNPATH_SEARCH_PATHS = (
					"$(inherited)",
					"@executable_path/Frameworks",
				);
				MARKETING_VERSION = 1.0;
				PRODUCT_BUNDLE_IDENTIFIER = "swift.Smart-Inventory";
				PRODUCT_NAME = "$(TARGET_NAME)";
				SWIFT_EMIT_LOC_STRINGS = YES;
				SWIFT_VERSION = 5.0;
				TARGETED_DEVICE_FAMILY = "1,2";
			};
			name = Release;
		};
		431B48A92BF4356700D70628 /* Debug */ = {
			isa = XCBuildConfiguration;
			buildSettings = {
				ALWAYS_EMBED_SWIFT_STANDARD_LIBRARIES = YES;
				BUNDLE_LOADER = "$(TEST_HOST)";
				CODE_SIGN_STYLE = Automatic;
				CURRENT_PROJECT_VERSION = 1;
				GENERATE_INFOPLIST_FILE = YES;
				IPHONEOS_DEPLOYMENT_TARGET = 17.5;
				MARKETING_VERSION = 1.0;
				PRODUCT_BUNDLE_IDENTIFIER = "swift.Smart-InventoryTests";
				PRODUCT_NAME = "$(TARGET_NAME)";
				SWIFT_EMIT_LOC_STRINGS = NO;
				SWIFT_VERSION = 5.0;
				TARGETED_DEVICE_FAMILY = "1,2";
				TEST_HOST = "$(BUILT_PRODUCTS_DIR)/Smart Inventory.app/$(BUNDLE_EXECUTABLE_FOLDER_PATH)/Smart Inventory";
			};
			name = Debug;
		};
		431B48AA2BF4356700D70628 /* Release */ = {
			isa = XCBuildConfiguration;
			buildSettings = {
				ALWAYS_EMBED_SWIFT_STANDARD_LIBRARIES = YES;
				BUNDLE_LOADER = "$(TEST_HOST)";
				CODE_SIGN_STYLE = Automatic;
				CURRENT_PROJECT_VERSION = 1;
				GENERATE_INFOPLIST_FILE = YES;
				IPHONEOS_DEPLOYMENT_TARGET = 17.5;
				MARKETING_VERSION = 1.0;
				PRODUCT_BUNDLE_IDENTIFIER = "swift.Smart-InventoryTests";
				PRODUCT_NAME = "$(TARGET_NAME)";
				SWIFT_EMIT_LOC_STRINGS = NO;
				SWIFT_VERSION = 5.0;
				TARGETED_DEVICE_FAMILY = "1,2";
				TEST_HOST = "$(BUILT_PRODUCTS_DIR)/Smart Inventory.app/$(BUNDLE_EXECUTABLE_FOLDER_PATH)/Smart Inventory";
			};
			name = Release;
		};
		431B48AC2BF4356700D70628 /* Debug */ = {
			isa = XCBuildConfiguration;
			buildSettings = {
				ALWAYS_EMBED_SWIFT_STANDARD_LIBRARIES = YES;
				CODE_SIGN_STYLE = Automatic;
				CURRENT_PROJECT_VERSION = 1;
				GENERATE_INFOPLIST_FILE = YES;
				MARKETING_VERSION = 1.0;
				PRODUCT_BUNDLE_IDENTIFIER = "swift.Smart-InventoryUITests";
				PRODUCT_NAME = "$(TARGET_NAME)";
				SWIFT_EMIT_LOC_STRINGS = NO;
				SWIFT_VERSION = 5.0;
				TARGETED_DEVICE_FAMILY = "1,2";
				TEST_TARGET_NAME = "Smart Inventory";
			};
			name = Debug;
		};
		431B48AD2BF4356700D70628 /* Release */ = {
			isa = XCBuildConfiguration;
			buildSettings = {
				ALWAYS_EMBED_SWIFT_STANDARD_LIBRARIES = YES;
				CODE_SIGN_STYLE = Automatic;
				CURRENT_PROJECT_VERSION = 1;
				GENERATE_INFOPLIST_FILE = YES;
				MARKETING_VERSION = 1.0;
				PRODUCT_BUNDLE_IDENTIFIER = "swift.Smart-InventoryUITests";
				PRODUCT_NAME = "$(TARGET_NAME)";
				SWIFT_EMIT_LOC_STRINGS = NO;
				SWIFT_VERSION = 5.0;
				TARGETED_DEVICE_FAMILY = "1,2";
				TEST_TARGET_NAME = "Smart Inventory";
			};
			name = Release;
		};
/* End XCBuildConfiguration section */

/* Begin XCConfigurationList section */
		431B48762BF4356600D70628 /* Build configuration list for PBXProject "Smart Inventory" */ = {
			isa = XCConfigurationList;
			buildConfigurations = (
				431B48A32BF4356700D70628 /* Debug */,
				431B48A42BF4356700D70628 /* Release */,
			);
			defaultConfigurationIsVisible = 0;
			defaultConfigurationName = Release;
		};
		431B48A52BF4356700D70628 /* Build configuration list for PBXNativeTarget "Smart Inventory" */ = {
			isa = XCConfigurationList;
			buildConfigurations = (
				431B48A62BF4356700D70628 /* Debug */,
				431B48A72BF4356700D70628 /* Release */,
			);
			defaultConfigurationIsVisible = 0;
			defaultConfigurationName = Release;
		};
		431B48A82BF4356700D70628 /* Build configuration list for PBXNativeTarget "Smart InventoryTests" */ = {
			isa = XCConfigurationList;
			buildConfigurations = (
				431B48A92BF4356700D70628 /* Debug */,
				431B48AA2BF4356700D70628 /* Release */,
			);
			defaultConfigurationIsVisible = 0;
			defaultConfigurationName = Release;
		};
		431B48AB2BF4356700D70628 /* Build configuration list for PBXNativeTarget "Smart InventoryUITests" */ = {
			isa = XCConfigurationList;
			buildConfigurations = (
				431B48AC2BF4356700D70628 /* Debug */,
				431B48AD2BF4356700D70628 /* Release */,
			);
			defaultConfigurationIsVisible = 0;
			defaultConfigurationName = Release;
		};
/* End XCConfigurationList section */

/* Begin XCRemoteSwiftPackageReference section */
		C7CE0A0A2BFD14F60099E155 /* XCRemoteSwiftPackageReference "firebase-ios-sdk" */ = {
			isa = XCRemoteSwiftPackageReference;
			repositoryURL = "https://github.com/firebase/firebase-ios-sdk.git";
			requirement = {
				kind = upToNextMajorVersion;
				minimumVersion = 10.26.0;
			};
		};
/* End XCRemoteSwiftPackageReference section */

/* Begin XCSwiftPackageProductDependency section */
		C7CE0A0B2BFD14F60099E155 /* FirebaseAnalytics */ = {
			isa = XCSwiftPackageProductDependency;
			package = C7CE0A0A2BFD14F60099E155 /* XCRemoteSwiftPackageReference "firebase-ios-sdk" */;
			productName = FirebaseAnalytics;
		};
		C7CE0A0D2BFD14F60099E155 /* FirebaseAnalyticsOnDeviceConversion */ = {
			isa = XCSwiftPackageProductDependency;
			package = C7CE0A0A2BFD14F60099E155 /* XCRemoteSwiftPackageReference "firebase-ios-sdk" */;
			productName = FirebaseAnalyticsOnDeviceConversion;
		};
		C7CE0A0F2BFD14F60099E155 /* FirebaseAnalyticsSwift */ = {
			isa = XCSwiftPackageProductDependency;
			package = C7CE0A0A2BFD14F60099E155 /* XCRemoteSwiftPackageReference "firebase-ios-sdk" */;
			productName = FirebaseAnalyticsSwift;
		};
		C7CE0A112BFD14F60099E155 /* FirebaseAnalyticsWithoutAdIdSupport */ = {
			isa = XCSwiftPackageProductDependency;
			package = C7CE0A0A2BFD14F60099E155 /* XCRemoteSwiftPackageReference "firebase-ios-sdk" */;
			productName = FirebaseAnalyticsWithoutAdIdSupport;
		};
		C7CE0A132BFD14F60099E155 /* FirebaseAppCheck */ = {
			isa = XCSwiftPackageProductDependency;
			package = C7CE0A0A2BFD14F60099E155 /* XCRemoteSwiftPackageReference "firebase-ios-sdk" */;
			productName = FirebaseAppCheck;
		};
		C7CE0A152BFD14F60099E155 /* FirebaseAppDistribution-Beta */ = {
			isa = XCSwiftPackageProductDependency;
			package = C7CE0A0A2BFD14F60099E155 /* XCRemoteSwiftPackageReference "firebase-ios-sdk" */;
			productName = "FirebaseAppDistribution-Beta";
		};
		C7CE0A172BFD14F60099E155 /* FirebaseAuth */ = {
			isa = XCSwiftPackageProductDependency;
			package = C7CE0A0A2BFD14F60099E155 /* XCRemoteSwiftPackageReference "firebase-ios-sdk" */;
			productName = FirebaseAuth;
		};
		C7CE0A192BFD14F60099E155 /* FirebaseAuthCombine-Community */ = {
			isa = XCSwiftPackageProductDependency;
			package = C7CE0A0A2BFD14F60099E155 /* XCRemoteSwiftPackageReference "firebase-ios-sdk" */;
			productName = "FirebaseAuthCombine-Community";
		};
		C7CE0A1B2BFD14F60099E155 /* FirebaseCrashlytics */ = {
			isa = XCSwiftPackageProductDependency;
			package = C7CE0A0A2BFD14F60099E155 /* XCRemoteSwiftPackageReference "firebase-ios-sdk" */;
			productName = FirebaseCrashlytics;
		};
		C7CE0A1D2BFD14F60099E155 /* FirebaseDatabase */ = {
			isa = XCSwiftPackageProductDependency;
			package = C7CE0A0A2BFD14F60099E155 /* XCRemoteSwiftPackageReference "firebase-ios-sdk" */;
			productName = FirebaseDatabase;
		};
		C7CE0A1F2BFD14F60099E155 /* FirebaseDatabaseSwift */ = {
			isa = XCSwiftPackageProductDependency;
			package = C7CE0A0A2BFD14F60099E155 /* XCRemoteSwiftPackageReference "firebase-ios-sdk" */;
			productName = FirebaseDatabaseSwift;
		};
		C7CE0A212BFD14F60099E155 /* FirebaseDynamicLinks */ = {
			isa = XCSwiftPackageProductDependency;
			package = C7CE0A0A2BFD14F60099E155 /* XCRemoteSwiftPackageReference "firebase-ios-sdk" */;
			productName = FirebaseDynamicLinks;
		};
		C7CE0A232BFD14F60099E155 /* FirebaseFirestore */ = {
			isa = XCSwiftPackageProductDependency;
			package = C7CE0A0A2BFD14F60099E155 /* XCRemoteSwiftPackageReference "firebase-ios-sdk" */;
			productName = FirebaseFirestore;
		};
		C7CE0A252BFD14F60099E155 /* FirebaseFirestoreCombine-Community */ = {
			isa = XCSwiftPackageProductDependency;
			package = C7CE0A0A2BFD14F60099E155 /* XCRemoteSwiftPackageReference "firebase-ios-sdk" */;
			productName = "FirebaseFirestoreCombine-Community";
		};
		C7CE0A272BFD14F60099E155 /* FirebaseFirestoreSwift */ = {
			isa = XCSwiftPackageProductDependency;
			package = C7CE0A0A2BFD14F60099E155 /* XCRemoteSwiftPackageReference "firebase-ios-sdk" */;
			productName = FirebaseFirestoreSwift;
		};
		C7CE0A292BFD14F60099E155 /* FirebaseFunctions */ = {
			isa = XCSwiftPackageProductDependency;
			package = C7CE0A0A2BFD14F60099E155 /* XCRemoteSwiftPackageReference "firebase-ios-sdk" */;
			productName = FirebaseFunctions;
		};
		C7CE0A2B2BFD14F60099E155 /* FirebaseFunctionsCombine-Community */ = {
			isa = XCSwiftPackageProductDependency;
			package = C7CE0A0A2BFD14F60099E155 /* XCRemoteSwiftPackageReference "firebase-ios-sdk" */;
			productName = "FirebaseFunctionsCombine-Community";
		};
		C7CE0A2D2BFD14F60099E155 /* FirebaseInAppMessaging-Beta */ = {
			isa = XCSwiftPackageProductDependency;
			package = C7CE0A0A2BFD14F60099E155 /* XCRemoteSwiftPackageReference "firebase-ios-sdk" */;
			productName = "FirebaseInAppMessaging-Beta";
		};
		C7CE0A2F2BFD14F60099E155 /* FirebaseInAppMessagingSwift-Beta */ = {
			isa = XCSwiftPackageProductDependency;
			package = C7CE0A0A2BFD14F60099E155 /* XCRemoteSwiftPackageReference "firebase-ios-sdk" */;
			productName = "FirebaseInAppMessagingSwift-Beta";
		};
		C7CE0A312BFD14F60099E155 /* FirebaseInstallations */ = {
			isa = XCSwiftPackageProductDependency;
			package = C7CE0A0A2BFD14F60099E155 /* XCRemoteSwiftPackageReference "firebase-ios-sdk" */;
			productName = FirebaseInstallations;
		};
		C7CE0A332BFD14F60099E155 /* FirebaseMLModelDownloader */ = {
			isa = XCSwiftPackageProductDependency;
			package = C7CE0A0A2BFD14F60099E155 /* XCRemoteSwiftPackageReference "firebase-ios-sdk" */;
			productName = FirebaseMLModelDownloader;
		};
		C7CE0A352BFD14F60099E155 /* FirebaseMessaging */ = {
			isa = XCSwiftPackageProductDependency;
			package = C7CE0A0A2BFD14F60099E155 /* XCRemoteSwiftPackageReference "firebase-ios-sdk" */;
			productName = FirebaseMessaging;
		};
		C7CE0A372BFD14F60099E155 /* FirebasePerformance */ = {
			isa = XCSwiftPackageProductDependency;
			package = C7CE0A0A2BFD14F60099E155 /* XCRemoteSwiftPackageReference "firebase-ios-sdk" */;
			productName = FirebasePerformance;
		};
		C7CE0A392BFD14F60099E155 /* FirebaseRemoteConfig */ = {
			isa = XCSwiftPackageProductDependency;
			package = C7CE0A0A2BFD14F60099E155 /* XCRemoteSwiftPackageReference "firebase-ios-sdk" */;
			productName = FirebaseRemoteConfig;
		};
		C7CE0A3B2BFD14F60099E155 /* FirebaseRemoteConfigSwift */ = {
			isa = XCSwiftPackageProductDependency;
			package = C7CE0A0A2BFD14F60099E155 /* XCRemoteSwiftPackageReference "firebase-ios-sdk" */;
			productName = FirebaseRemoteConfigSwift;
		};
		C7CE0A3D2BFD14F60099E155 /* FirebaseStorage */ = {
			isa = XCSwiftPackageProductDependency;
			package = C7CE0A0A2BFD14F60099E155 /* XCRemoteSwiftPackageReference "firebase-ios-sdk" */;
			productName = FirebaseStorage;
		};
		C7CE0A3F2BFD14F60099E155 /* FirebaseStorageCombine-Community */ = {
			isa = XCSwiftPackageProductDependency;
			package = C7CE0A0A2BFD14F60099E155 /* XCRemoteSwiftPackageReference "firebase-ios-sdk" */;
			productName = "FirebaseStorageCombine-Community";
		};
		C7CE0A412BFD14F60099E155 /* FirebaseVertexAI-Preview */ = {
			isa = XCSwiftPackageProductDependency;
			package = C7CE0A0A2BFD14F60099E155 /* XCRemoteSwiftPackageReference "firebase-ios-sdk" */;
			productName = "FirebaseVertexAI-Preview";
		};
/* End XCSwiftPackageProductDependency section */
	};
	rootObject = 431B48732BF4356600D70628 /* Project object */;
}
