// !$*UTF8*$!
{
	archiveVersion = 1;
	classes = {
	};
	objectVersion = 56;
	objects = {

/* Begin PBXBuildFile section */
		431B487F2BF4356600D70628 /* AppDelegate.swift in Sources */ = {isa = PBXBuildFile; fileRef = 431B487E2BF4356600D70628 /* AppDelegate.swift */; };
		431B48812BF4356600D70628 /* SceneDelegate.swift in Sources */ = {isa = PBXBuildFile; fileRef = 431B48802BF4356600D70628 /* SceneDelegate.swift */; };
		431B48832BF4356600D70628 /* ViewController.swift in Sources */ = {isa = PBXBuildFile; fileRef = 431B48822BF4356600D70628 /* ViewController.swift */; };
		431B48862BF4356600D70628 /* Base in Resources */ = {isa = PBXBuildFile; fileRef = 431B48852BF4356600D70628 /* Base */; };
		431B48882BF4356700D70628 /* Assets.xcassets in Resources */ = {isa = PBXBuildFile; fileRef = 431B48872BF4356700D70628 /* Assets.xcassets */; };
		431B488B2BF4356700D70628 /* Base in Resources */ = {isa = PBXBuildFile; fileRef = 431B488A2BF4356700D70628 /* Base */; };
		431B48962BF4356700D70628 /* Smart_InventoryTests.swift in Sources */ = {isa = PBXBuildFile; fileRef = 431B48952BF4356700D70628 /* Smart_InventoryTests.swift */; };
		431B48A02BF4356700D70628 /* Smart_InventoryUITests.swift in Sources */ = {isa = PBXBuildFile; fileRef = 431B489F2BF4356700D70628 /* Smart_InventoryUITests.swift */; };
		431B48A22BF4356700D70628 /* Smart_InventoryUITestsLaunchTests.swift in Sources */ = {isa = PBXBuildFile; fileRef = 431B48A12BF4356700D70628 /* Smart_InventoryUITestsLaunchTests.swift */; };
		C726A5302BFD0A1D00837FA4 /* LoginVC.swift in Sources */ = {isa = PBXBuildFile; fileRef = C726A52F2BFD0A1D00837FA4 /* LoginVC.swift */; };
		C726A5322BFD0A3600837FA4 /* CreateAccountVC.swift in Sources */ = {isa = PBXBuildFile; fileRef = C726A5312BFD0A3600837FA4 /* CreateAccountVC.swift */; };
		C726A5342BFD0A4300837FA4 /* ResetPasswordVC.swift in Sources */ = {isa = PBXBuildFile; fileRef = C726A5332BFD0A4300837FA4 /* ResetPasswordVC.swift */; };
		C726A5372BFD10B100837FA4 /* FirebaseAnalytics in Frameworks */ = {isa = PBXBuildFile; productRef = C726A5362BFD10B100837FA4 /* FirebaseAnalytics */; };
		C726A5392BFD10B100837FA4 /* FirebaseAnalyticsOnDeviceConversion in Frameworks */ = {isa = PBXBuildFile; productRef = C726A5382BFD10B100837FA4 /* FirebaseAnalyticsOnDeviceConversion */; };
		C726A53B2BFD10B100837FA4 /* FirebaseAnalyticsSwift in Frameworks */ = {isa = PBXBuildFile; productRef = C726A53A2BFD10B100837FA4 /* FirebaseAnalyticsSwift */; };
		C726A53D2BFD10B100837FA4 /* FirebaseAnalyticsWithoutAdIdSupport in Frameworks */ = {isa = PBXBuildFile; productRef = C726A53C2BFD10B100837FA4 /* FirebaseAnalyticsWithoutAdIdSupport */; };
		C726A53F2BFD10B100837FA4 /* FirebaseAppCheck in Frameworks */ = {isa = PBXBuildFile; productRef = C726A53E2BFD10B100837FA4 /* FirebaseAppCheck */; };
		C726A5412BFD10B100837FA4 /* FirebaseAppDistribution-Beta in Frameworks */ = {isa = PBXBuildFile; productRef = C726A5402BFD10B100837FA4 /* FirebaseAppDistribution-Beta */; };
		C726A5432BFD10B100837FA4 /* FirebaseAuth in Frameworks */ = {isa = PBXBuildFile; productRef = C726A5422BFD10B100837FA4 /* FirebaseAuth */; };
		C726A5452BFD10B100837FA4 /* FirebaseAuthCombine-Community in Frameworks */ = {isa = PBXBuildFile; productRef = C726A5442BFD10B100837FA4 /* FirebaseAuthCombine-Community */; };
		C726A5472BFD10B100837FA4 /* FirebaseCrashlytics in Frameworks */ = {isa = PBXBuildFile; productRef = C726A5462BFD10B100837FA4 /* FirebaseCrashlytics */; };
		C726A5492BFD10B100837FA4 /* FirebaseDatabase in Frameworks */ = {isa = PBXBuildFile; productRef = C726A5482BFD10B100837FA4 /* FirebaseDatabase */; };
		C726A54B2BFD10B100837FA4 /* FirebaseDatabaseSwift in Frameworks */ = {isa = PBXBuildFile; productRef = C726A54A2BFD10B100837FA4 /* FirebaseDatabaseSwift */; };
		C726A54D2BFD10B100837FA4 /* FirebaseDynamicLinks in Frameworks */ = {isa = PBXBuildFile; productRef = C726A54C2BFD10B100837FA4 /* FirebaseDynamicLinks */; };
		C726A54F2BFD10B100837FA4 /* FirebaseFirestore in Frameworks */ = {isa = PBXBuildFile; productRef = C726A54E2BFD10B100837FA4 /* FirebaseFirestore */; };
		C726A5512BFD10B100837FA4 /* FirebaseFirestoreCombine-Community in Frameworks */ = {isa = PBXBuildFile; productRef = C726A5502BFD10B100837FA4 /* FirebaseFirestoreCombine-Community */; };
		C726A5532BFD10B100837FA4 /* FirebaseFirestoreSwift in Frameworks */ = {isa = PBXBuildFile; productRef = C726A5522BFD10B100837FA4 /* FirebaseFirestoreSwift */; };
		C726A5552BFD10B100837FA4 /* FirebaseFunctions in Frameworks */ = {isa = PBXBuildFile; productRef = C726A5542BFD10B100837FA4 /* FirebaseFunctions */; };
		C726A5572BFD10B100837FA4 /* FirebaseFunctionsCombine-Community in Frameworks */ = {isa = PBXBuildFile; productRef = C726A5562BFD10B100837FA4 /* FirebaseFunctionsCombine-Community */; };
		C726A5592BFD10B100837FA4 /* FirebaseInAppMessaging-Beta in Frameworks */ = {isa = PBXBuildFile; productRef = C726A5582BFD10B100837FA4 /* FirebaseInAppMessaging-Beta */; };
		C726A55B2BFD10B100837FA4 /* FirebaseInAppMessagingSwift-Beta in Frameworks */ = {isa = PBXBuildFile; productRef = C726A55A2BFD10B100837FA4 /* FirebaseInAppMessagingSwift-Beta */; };
		C726A55D2BFD10B100837FA4 /* FirebaseInstallations in Frameworks */ = {isa = PBXBuildFile; productRef = C726A55C2BFD10B100837FA4 /* FirebaseInstallations */; };
		C726A55F2BFD10B100837FA4 /* FirebaseMLModelDownloader in Frameworks */ = {isa = PBXBuildFile; productRef = C726A55E2BFD10B100837FA4 /* FirebaseMLModelDownloader */; };
		C726A5612BFD10B100837FA4 /* FirebaseMessaging in Frameworks */ = {isa = PBXBuildFile; productRef = C726A5602BFD10B100837FA4 /* FirebaseMessaging */; };
		C726A5632BFD10B100837FA4 /* FirebasePerformance in Frameworks */ = {isa = PBXBuildFile; productRef = C726A5622BFD10B100837FA4 /* FirebasePerformance */; };
		C726A5652BFD10B100837FA4 /* FirebaseRemoteConfig in Frameworks */ = {isa = PBXBuildFile; productRef = C726A5642BFD10B100837FA4 /* FirebaseRemoteConfig */; };
		C726A5672BFD10B100837FA4 /* FirebaseRemoteConfigSwift in Frameworks */ = {isa = PBXBuildFile; productRef = C726A5662BFD10B100837FA4 /* FirebaseRemoteConfigSwift */; };
		C726A5692BFD10B100837FA4 /* FirebaseStorage in Frameworks */ = {isa = PBXBuildFile; productRef = C726A5682BFD10B100837FA4 /* FirebaseStorage */; };
		C726A56B2BFD10B100837FA4 /* FirebaseStorageCombine-Community in Frameworks */ = {isa = PBXBuildFile; productRef = C726A56A2BFD10B100837FA4 /* FirebaseStorageCombine-Community */; };
		C726A56D2BFD10B100837FA4 /* FirebaseVertexAI-Preview in Frameworks */ = {isa = PBXBuildFile; productRef = C726A56C2BFD10B100837FA4 /* FirebaseVertexAI-Preview */; };
/* End PBXBuildFile section */

/* Begin PBXContainerItemProxy section */
		431B48922BF4356700D70628 /* PBXContainerItemProxy */ = {
			isa = PBXContainerItemProxy;
			containerPortal = 431B48732BF4356600D70628 /* Project object */;
			proxyType = 1;
			remoteGlobalIDString = 431B487A2BF4356600D70628;
			remoteInfo = "Smart Inventory";
		};
		431B489C2BF4356700D70628 /* PBXContainerItemProxy */ = {
			isa = PBXContainerItemProxy;
			containerPortal = 431B48732BF4356600D70628 /* Project object */;
			proxyType = 1;
			remoteGlobalIDString = 431B487A2BF4356600D70628;
			remoteInfo = "Smart Inventory";
		};
/* End PBXContainerItemProxy section */

/* Begin PBXFileReference section */
		431B487B2BF4356600D70628 /* Smart Inventory.app */ = {isa = PBXFileReference; explicitFileType = wrapper.application; includeInIndex = 0; path = "Smart Inventory.app"; sourceTree = BUILT_PRODUCTS_DIR; };
		431B487E2BF4356600D70628 /* AppDelegate.swift */ = {isa = PBXFileReference; lastKnownFileType = sourcecode.swift; path = AppDelegate.swift; sourceTree = "<group>"; };
		431B48802BF4356600D70628 /* SceneDelegate.swift */ = {isa = PBXFileReference; lastKnownFileType = sourcecode.swift; path = SceneDelegate.swift; sourceTree = "<group>"; };
		431B48822BF4356600D70628 /* ViewController.swift */ = {isa = PBXFileReference; lastKnownFileType = sourcecode.swift; path = ViewController.swift; sourceTree = "<group>"; };
		431B48852BF4356600D70628 /* Base */ = {isa = PBXFileReference; lastKnownFileType = file.storyboard; name = Base; path = Base.lproj/main.storyboard; sourceTree = "<group>"; };
		431B48872BF4356700D70628 /* Assets.xcassets */ = {isa = PBXFileReference; lastKnownFileType = folder.assetcatalog; path = Assets.xcassets; sourceTree = "<group>"; };
		431B488A2BF4356700D70628 /* Base */ = {isa = PBXFileReference; lastKnownFileType = file.storyboard; name = Base; path = Base.lproj/LaunchScreen.storyboard; sourceTree = "<group>"; };
		431B488C2BF4356700D70628 /* Info.plist */ = {isa = PBXFileReference; lastKnownFileType = text.plist.xml; path = Info.plist; sourceTree = "<group>"; };
		431B48912BF4356700D70628 /* Smart InventoryTests.xctest */ = {isa = PBXFileReference; explicitFileType = wrapper.cfbundle; includeInIndex = 0; path = "Smart InventoryTests.xctest"; sourceTree = BUILT_PRODUCTS_DIR; };
		431B48952BF4356700D70628 /* Smart_InventoryTests.swift */ = {isa = PBXFileReference; lastKnownFileType = sourcecode.swift; path = Smart_InventoryTests.swift; sourceTree = "<group>"; };
		431B489B2BF4356700D70628 /* Smart InventoryUITests.xctest */ = {isa = PBXFileReference; explicitFileType = wrapper.cfbundle; includeInIndex = 0; path = "Smart InventoryUITests.xctest"; sourceTree = BUILT_PRODUCTS_DIR; };
		431B489F2BF4356700D70628 /* Smart_InventoryUITests.swift */ = {isa = PBXFileReference; lastKnownFileType = sourcecode.swift; path = Smart_InventoryUITests.swift; sourceTree = "<group>"; };
		431B48A12BF4356700D70628 /* Smart_InventoryUITestsLaunchTests.swift */ = {isa = PBXFileReference; lastKnownFileType = sourcecode.swift; path = Smart_InventoryUITestsLaunchTests.swift; sourceTree = "<group>"; };
		C726A52F2BFD0A1D00837FA4 /* LoginVC.swift */ = {isa = PBXFileReference; lastKnownFileType = sourcecode.swift; path = LoginVC.swift; sourceTree = "<group>"; };
		C726A5312BFD0A3600837FA4 /* CreateAccountVC.swift */ = {isa = PBXFileReference; lastKnownFileType = sourcecode.swift; path = CreateAccountVC.swift; sourceTree = "<group>"; };
		C726A5332BFD0A4300837FA4 /* ResetPasswordVC.swift */ = {isa = PBXFileReference; lastKnownFileType = sourcecode.swift; path = ResetPasswordVC.swift; sourceTree = "<group>"; };
/* End PBXFileReference section */

/* Begin PBXFrameworksBuildPhase section */
		431B48782BF4356600D70628 /* Frameworks */ = {
			isa = PBXFrameworksBuildPhase;
			buildActionMask = 2147483647;
			files = (
				C726A5492BFD10B100837FA4 /* FirebaseDatabase in Frameworks */,
				C726A5572BFD10B100837FA4 /* FirebaseFunctionsCombine-Community in Frameworks */,
				C726A54F2BFD10B100837FA4 /* FirebaseFirestore in Frameworks */,
				C726A53B2BFD10B100837FA4 /* FirebaseAnalyticsSwift in Frameworks */,
				C726A5372BFD10B100837FA4 /* FirebaseAnalytics in Frameworks */,
				C726A5392BFD10B100837FA4 /* FirebaseAnalyticsOnDeviceConversion in Frameworks */,
				C726A55F2BFD10B100837FA4 /* FirebaseMLModelDownloader in Frameworks */,
				C726A5532BFD10B100837FA4 /* FirebaseFirestoreSwift in Frameworks */,
				C726A53F2BFD10B100837FA4 /* FirebaseAppCheck in Frameworks */,
				C726A53D2BFD10B100837FA4 /* FirebaseAnalyticsWithoutAdIdSupport in Frameworks */,
				C726A5432BFD10B100837FA4 /* FirebaseAuth in Frameworks */,
				C726A5472BFD10B100837FA4 /* FirebaseCrashlytics in Frameworks */,
				C726A5672BFD10B100837FA4 /* FirebaseRemoteConfigSwift in Frameworks */,
				C726A5592BFD10B100837FA4 /* FirebaseInAppMessaging-Beta in Frameworks */,
				C726A54B2BFD10B100837FA4 /* FirebaseDatabaseSwift in Frameworks */,
				C726A5552BFD10B100837FA4 /* FirebaseFunctions in Frameworks */,
				C726A56B2BFD10B100837FA4 /* FirebaseStorageCombine-Community in Frameworks */,
				C726A5652BFD10B100837FA4 /* FirebaseRemoteConfig in Frameworks */,
				C726A5412BFD10B100837FA4 /* FirebaseAppDistribution-Beta in Frameworks */,
				C726A5452BFD10B100837FA4 /* FirebaseAuthCombine-Community in Frameworks */,
				C726A5632BFD10B100837FA4 /* FirebasePerformance in Frameworks */,
				C726A55B2BFD10B100837FA4 /* FirebaseInAppMessagingSwift-Beta in Frameworks */,
				C726A5692BFD10B100837FA4 /* FirebaseStorage in Frameworks */,
				C726A54D2BFD10B100837FA4 /* FirebaseDynamicLinks in Frameworks */,
				C726A56D2BFD10B100837FA4 /* FirebaseVertexAI-Preview in Frameworks */,
				C726A5512BFD10B100837FA4 /* FirebaseFirestoreCombine-Community in Frameworks */,
				C726A5612BFD10B100837FA4 /* FirebaseMessaging in Frameworks */,
				C726A55D2BFD10B100837FA4 /* FirebaseInstallations in Frameworks */,
			);
			runOnlyForDeploymentPostprocessing = 0;
		};
		431B488E2BF4356700D70628 /* Frameworks */ = {
			isa = PBXFrameworksBuildPhase;
			buildActionMask = 2147483647;
			files = (
			);
			runOnlyForDeploymentPostprocessing = 0;
		};
		431B48982BF4356700D70628 /* Frameworks */ = {
			isa = PBXFrameworksBuildPhase;
			buildActionMask = 2147483647;
			files = (
			);
			runOnlyForDeploymentPostprocessing = 0;
		};
/* End PBXFrameworksBuildPhase section */

/* Begin PBXGroup section */
		431B48722BF4356600D70628 = {
			isa = PBXGroup;
			children = (
				431B487D2BF4356600D70628 /* Smart Inventory */,
				431B48942BF4356700D70628 /* Smart InventoryTests */,
				431B489E2BF4356700D70628 /* Smart InventoryUITests */,
				431B487C2BF4356600D70628 /* Products */,
			);
			sourceTree = "<group>";
		};
		431B487C2BF4356600D70628 /* Products */ = {
			isa = PBXGroup;
			children = (
				431B487B2BF4356600D70628 /* Smart Inventory.app */,
				431B48912BF4356700D70628 /* Smart InventoryTests.xctest */,
				431B489B2BF4356700D70628 /* Smart InventoryUITests.xctest */,
			);
			name = Products;
			sourceTree = "<group>";
		};
		431B487D2BF4356600D70628 /* Smart Inventory */ = {
			isa = PBXGroup;
			children = (
				431B487E2BF4356600D70628 /* AppDelegate.swift */,
				431B48802BF4356600D70628 /* SceneDelegate.swift */,
				431B48822BF4356600D70628 /* ViewController.swift */,
				431B48842BF4356600D70628 /* main.storyboard */,
				C726A52F2BFD0A1D00837FA4 /* LoginVC.swift */,
				C726A5312BFD0A3600837FA4 /* CreateAccountVC.swift */,
				C726A5332BFD0A4300837FA4 /* ResetPasswordVC.swift */,
				431B48872BF4356700D70628 /* Assets.xcassets */,
				431B48892BF4356700D70628 /* LaunchScreen.storyboard */,
				431B488C2BF4356700D70628 /* Info.plist */,
			);
			path = "Smart Inventory";
			sourceTree = "<group>";
		};
		431B48942BF4356700D70628 /* Smart InventoryTests */ = {
			isa = PBXGroup;
			children = (
				431B48952BF4356700D70628 /* Smart_InventoryTests.swift */,
			);
			path = "Smart InventoryTests";
			sourceTree = "<group>";
		};
		431B489E2BF4356700D70628 /* Smart InventoryUITests */ = {
			isa = PBXGroup;
			children = (
				431B489F2BF4356700D70628 /* Smart_InventoryUITests.swift */,
				431B48A12BF4356700D70628 /* Smart_InventoryUITestsLaunchTests.swift */,
			);
			path = "Smart InventoryUITests";
			sourceTree = "<group>";
		};
/* End PBXGroup section */

/* Begin PBXNativeTarget section */
		431B487A2BF4356600D70628 /* Smart Inventory */ = {
			isa = PBXNativeTarget;
			buildConfigurationList = 431B48A52BF4356700D70628 /* Build configuration list for PBXNativeTarget "Smart Inventory" */;
			buildPhases = (
				431B48772BF4356600D70628 /* Sources */,
				431B48782BF4356600D70628 /* Frameworks */,
				431B48792BF4356600D70628 /* Resources */,
			);
			buildRules = (
			);
			dependencies = (
			);
			name = "Smart Inventory";
			packageProductDependencies = (
				C726A5362BFD10B100837FA4 /* FirebaseAnalytics */,
				C726A5382BFD10B100837FA4 /* FirebaseAnalyticsOnDeviceConversion */,
				C726A53A2BFD10B100837FA4 /* FirebaseAnalyticsSwift */,
				C726A53C2BFD10B100837FA4 /* FirebaseAnalyticsWithoutAdIdSupport */,
				C726A53E2BFD10B100837FA4 /* FirebaseAppCheck */,
				C726A5402BFD10B100837FA4 /* FirebaseAppDistribution-Beta */,
				C726A5422BFD10B100837FA4 /* FirebaseAuth */,
				C726A5442BFD10B100837FA4 /* FirebaseAuthCombine-Community */,
				C726A5462BFD10B100837FA4 /* FirebaseCrashlytics */,
				C726A5482BFD10B100837FA4 /* FirebaseDatabase */,
				C726A54A2BFD10B100837FA4 /* FirebaseDatabaseSwift */,
				C726A54C2BFD10B100837FA4 /* FirebaseDynamicLinks */,
				C726A54E2BFD10B100837FA4 /* FirebaseFirestore */,
				C726A5502BFD10B100837FA4 /* FirebaseFirestoreCombine-Community */,
				C726A5522BFD10B100837FA4 /* FirebaseFirestoreSwift */,
				C726A5542BFD10B100837FA4 /* FirebaseFunctions */,
				C726A5562BFD10B100837FA4 /* FirebaseFunctionsCombine-Community */,
				C726A5582BFD10B100837FA4 /* FirebaseInAppMessaging-Beta */,
				C726A55A2BFD10B100837FA4 /* FirebaseInAppMessagingSwift-Beta */,
				C726A55C2BFD10B100837FA4 /* FirebaseInstallations */,
				C726A55E2BFD10B100837FA4 /* FirebaseMLModelDownloader */,
				C726A5602BFD10B100837FA4 /* FirebaseMessaging */,
				C726A5622BFD10B100837FA4 /* FirebasePerformance */,
				C726A5642BFD10B100837FA4 /* FirebaseRemoteConfig */,
				C726A5662BFD10B100837FA4 /* FirebaseRemoteConfigSwift */,
				C726A5682BFD10B100837FA4 /* FirebaseStorage */,
				C726A56A2BFD10B100837FA4 /* FirebaseStorageCombine-Community */,
				C726A56C2BFD10B100837FA4 /* FirebaseVertexAI-Preview */,
			);
			productName = "Smart Inventory";
			productReference = 431B487B2BF4356600D70628 /* Smart Inventory.app */;
			productType = "com.apple.product-type.application";
		};
		431B48902BF4356700D70628 /* Smart InventoryTests */ = {
			isa = PBXNativeTarget;
			buildConfigurationList = 431B48A82BF4356700D70628 /* Build configuration list for PBXNativeTarget "Smart InventoryTests" */;
			buildPhases = (
				431B488D2BF4356700D70628 /* Sources */,
				431B488E2BF4356700D70628 /* Frameworks */,
				431B488F2BF4356700D70628 /* Resources */,
			);
			buildRules = (
			);
			dependencies = (
				431B48932BF4356700D70628 /* PBXTargetDependency */,
			);
			name = "Smart InventoryTests";
			productName = "Smart InventoryTests";
			productReference = 431B48912BF4356700D70628 /* Smart InventoryTests.xctest */;
			productType = "com.apple.product-type.bundle.unit-test";
		};
		431B489A2BF4356700D70628 /* Smart InventoryUITests */ = {
			isa = PBXNativeTarget;
			buildConfigurationList = 431B48AB2BF4356700D70628 /* Build configuration list for PBXNativeTarget "Smart InventoryUITests" */;
			buildPhases = (
				431B48972BF4356700D70628 /* Sources */,
				431B48982BF4356700D70628 /* Frameworks */,
				431B48992BF4356700D70628 /* Resources */,
			);
			buildRules = (
			);
			dependencies = (
				431B489D2BF4356700D70628 /* PBXTargetDependency */,
			);
			name = "Smart InventoryUITests";
			productName = "Smart InventoryUITests";
			productReference = 431B489B2BF4356700D70628 /* Smart InventoryUITests.xctest */;
			productType = "com.apple.product-type.bundle.ui-testing";
		};
/* End PBXNativeTarget section */

/* Begin PBXProject section */
		431B48732BF4356600D70628 /* Project object */ = {
			isa = PBXProject;
			attributes = {
				BuildIndependentTargetsInParallel = 1;
				LastSwiftUpdateCheck = 1540;
				LastUpgradeCheck = 1540;
				TargetAttributes = {
					431B487A2BF4356600D70628 = {
						CreatedOnToolsVersion = 15.4;
					};
					431B48902BF4356700D70628 = {
						CreatedOnToolsVersion = 15.4;
						TestTargetID = 431B487A2BF4356600D70628;
					};
					431B489A2BF4356700D70628 = {
						CreatedOnToolsVersion = 15.4;
						TestTargetID = 431B487A2BF4356600D70628;
					};
				};
			};
			buildConfigurationList = 431B48762BF4356600D70628 /* Build configuration list for PBXProject "Smart Inventory" */;
			compatibilityVersion = "Xcode 14.0";
			developmentRegion = en;
			hasScannedForEncodings = 0;
			knownRegions = (
				en,
				Base,
			);
			mainGroup = 431B48722BF4356600D70628;
			packageReferences = (
				C726A5352BFD10B100837FA4 /* XCRemoteSwiftPackageReference "firebase-ios-sdk" */,
			);
			productRefGroup = 431B487C2BF4356600D70628 /* Products */;
			projectDirPath = "";
			projectRoot = "";
			targets = (
				431B487A2BF4356600D70628 /* Smart Inventory */,
				431B48902BF4356700D70628 /* Smart InventoryTests */,
				431B489A2BF4356700D70628 /* Smart InventoryUITests */,
			);
		};
/* End PBXProject section */

/* Begin PBXResourcesBuildPhase section */
		431B48792BF4356600D70628 /* Resources */ = {
			isa = PBXResourcesBuildPhase;
			buildActionMask = 2147483647;
			files = (
				431B48882BF4356700D70628 /* Assets.xcassets in Resources */,
				431B488B2BF4356700D70628 /* Base in Resources */,
				431B48862BF4356600D70628 /* Base in Resources */,
			);
			runOnlyForDeploymentPostprocessing = 0;
		};
		431B488F2BF4356700D70628 /* Resources */ = {
			isa = PBXResourcesBuildPhase;
			buildActionMask = 2147483647;
			files = (
			);
			runOnlyForDeploymentPostprocessing = 0;
		};
		431B48992BF4356700D70628 /* Resources */ = {
			isa = PBXResourcesBuildPhase;
			buildActionMask = 2147483647;
			files = (
			);
			runOnlyForDeploymentPostprocessing = 0;
		};
/* End PBXResourcesBuildPhase section */

/* Begin PBXSourcesBuildPhase section */
		431B48772BF4356600D70628 /* Sources */ = {
			isa = PBXSourcesBuildPhase;
			buildActionMask = 2147483647;
			files = (
				431B48832BF4356600D70628 /* ViewController.swift in Sources */,
				431B487F2BF4356600D70628 /* AppDelegate.swift in Sources */,
				C726A5302BFD0A1D00837FA4 /* LoginVC.swift in Sources */,
				C726A5322BFD0A3600837FA4 /* CreateAccountVC.swift in Sources */,
				431B48812BF4356600D70628 /* SceneDelegate.swift in Sources */,
				C726A5342BFD0A4300837FA4 /* ResetPasswordVC.swift in Sources */,
			);
			runOnlyForDeploymentPostprocessing = 0;
		};
		431B488D2BF4356700D70628 /* Sources */ = {
			isa = PBXSourcesBuildPhase;
			buildActionMask = 2147483647;
			files = (
				431B48962BF4356700D70628 /* Smart_InventoryTests.swift in Sources */,
			);
			runOnlyForDeploymentPostprocessing = 0;
		};
		431B48972BF4356700D70628 /* Sources */ = {
			isa = PBXSourcesBuildPhase;
			buildActionMask = 2147483647;
			files = (
				431B48A02BF4356700D70628 /* Smart_InventoryUITests.swift in Sources */,
				431B48A22BF4356700D70628 /* Smart_InventoryUITestsLaunchTests.swift in Sources */,
			);
			runOnlyForDeploymentPostprocessing = 0;
		};
/* End PBXSourcesBuildPhase section */

/* Begin PBXTargetDependency section */
		431B48932BF4356700D70628 /* PBXTargetDependency */ = {
			isa = PBXTargetDependency;
			target = 431B487A2BF4356600D70628 /* Smart Inventory */;
			targetProxy = 431B48922BF4356700D70628 /* PBXContainerItemProxy */;
		};
		431B489D2BF4356700D70628 /* PBXTargetDependency */ = {
			isa = PBXTargetDependency;
			target = 431B487A2BF4356600D70628 /* Smart Inventory */;
			targetProxy = 431B489C2BF4356700D70628 /* PBXContainerItemProxy */;
		};
/* End PBXTargetDependency section */

/* Begin PBXVariantGroup section */
		431B48842BF4356600D70628 /* main.storyboard */ = {
			isa = PBXVariantGroup;
			children = (
				431B48852BF4356600D70628 /* Base */,
			);
			name = main.storyboard;
			sourceTree = "<group>";
		};
		431B48892BF4356700D70628 /* LaunchScreen.storyboard */ = {
			isa = PBXVariantGroup;
			children = (
				431B488A2BF4356700D70628 /* Base */,
			);
			name = LaunchScreen.storyboard;
			sourceTree = "<group>";
		};
/* End PBXVariantGroup section */

/* Begin XCBuildConfiguration section */
		431B48A32BF4356700D70628 /* Debug */ = {
			isa = XCBuildConfiguration;
			buildSettings = {
				ALWAYS_SEARCH_USER_PATHS = NO;
				ASSETCATALOG_COMPILER_GENERATE_SWIFT_ASSET_SYMBOL_EXTENSIONS = YES;
				CLANG_ANALYZER_NONNULL = YES;
				CLANG_ANALYZER_NUMBER_OBJECT_CONVERSION = YES_AGGRESSIVE;
				CLANG_CXX_LANGUAGE_STANDARD = "gnu++20";
				CLANG_ENABLE_MODULES = YES;
				CLANG_ENABLE_OBJC_ARC = YES;
				CLANG_ENABLE_OBJC_WEAK = YES;
				CLANG_WARN_BLOCK_CAPTURE_AUTORELEASING = YES;
				CLANG_WARN_BOOL_CONVERSION = YES;
				CLANG_WARN_COMMA = YES;
				CLANG_WARN_CONSTANT_CONVERSION = YES;
				CLANG_WARN_DEPRECATED_OBJC_IMPLEMENTATIONS = YES;
				CLANG_WARN_DIRECT_OBJC_ISA_USAGE = YES_ERROR;
				CLANG_WARN_DOCUMENTATION_COMMENTS = YES;
				CLANG_WARN_EMPTY_BODY = YES;
				CLANG_WARN_ENUM_CONVERSION = YES;
				CLANG_WARN_INFINITE_RECURSION = YES;
				CLANG_WARN_INT_CONVERSION = YES;
				CLANG_WARN_NON_LITERAL_NULL_CONVERSION = YES;
				CLANG_WARN_OBJC_IMPLICIT_RETAIN_SELF = YES;
				CLANG_WARN_OBJC_LITERAL_CONVERSION = YES;
				CLANG_WARN_OBJC_ROOT_CLASS = YES_ERROR;
				CLANG_WARN_QUOTED_INCLUDE_IN_FRAMEWORK_HEADER = YES;
				CLANG_WARN_RANGE_LOOP_ANALYSIS = YES;
				CLANG_WARN_STRICT_PROTOTYPES = YES;
				CLANG_WARN_SUSPICIOUS_MOVE = YES;
				CLANG_WARN_UNGUARDED_AVAILABILITY = YES_AGGRESSIVE;
				CLANG_WARN_UNREACHABLE_CODE = YES;
				CLANG_WARN__DUPLICATE_METHOD_MATCH = YES;
				COPY_PHASE_STRIP = NO;
				DEBUG_INFORMATION_FORMAT = dwarf;
				ENABLE_STRICT_OBJC_MSGSEND = YES;
				ENABLE_TESTABILITY = YES;
				ENABLE_USER_SCRIPT_SANDBOXING = YES;
				GCC_C_LANGUAGE_STANDARD = gnu17;
				GCC_DYNAMIC_NO_PIC = NO;
				GCC_NO_COMMON_BLOCKS = YES;
				GCC_OPTIMIZATION_LEVEL = 0;
				GCC_PREPROCESSOR_DEFINITIONS = (
					"DEBUG=1",
					"$(inherited)",
				);
				GCC_WARN_64_TO_32_BIT_CONVERSION = YES;
				GCC_WARN_ABOUT_RETURN_TYPE = YES_ERROR;
				GCC_WARN_UNDECLARED_SELECTOR = YES;
				GCC_WARN_UNINITIALIZED_AUTOS = YES_AGGRESSIVE;
				GCC_WARN_UNUSED_FUNCTION = YES;
				GCC_WARN_UNUSED_VARIABLE = YES;
				IPHONEOS_DEPLOYMENT_TARGET = 17.5;
				LOCALIZATION_PREFERS_STRING_CATALOGS = YES;
				MTL_ENABLE_DEBUG_INFO = INCLUDE_SOURCE;
				MTL_FAST_MATH = YES;
				ONLY_ACTIVE_ARCH = YES;
				SDKROOT = iphoneos;
				SWIFT_ACTIVE_COMPILATION_CONDITIONS = "DEBUG $(inherited)";
				SWIFT_OPTIMIZATION_LEVEL = "-Onone";
			};
			name = Debug;
		};
		431B48A42BF4356700D70628 /* Release */ = {
			isa = XCBuildConfiguration;
			buildSettings = {
				ALWAYS_SEARCH_USER_PATHS = NO;
				ASSETCATALOG_COMPILER_GENERATE_SWIFT_ASSET_SYMBOL_EXTENSIONS = YES;
				CLANG_ANALYZER_NONNULL = YES;
				CLANG_ANALYZER_NUMBER_OBJECT_CONVERSION = YES_AGGRESSIVE;
				CLANG_CXX_LANGUAGE_STANDARD = "gnu++20";
				CLANG_ENABLE_MODULES = YES;
				CLANG_ENABLE_OBJC_ARC = YES;
				CLANG_ENABLE_OBJC_WEAK = YES;
				CLANG_WARN_BLOCK_CAPTURE_AUTORELEASING = YES;
				CLANG_WARN_BOOL_CONVERSION = YES;
				CLANG_WARN_COMMA = YES;
				CLANG_WARN_CONSTANT_CONVERSION = YES;
				CLANG_WARN_DEPRECATED_OBJC_IMPLEMENTATIONS = YES;
				CLANG_WARN_DIRECT_OBJC_ISA_USAGE = YES_ERROR;
				CLANG_WARN_DOCUMENTATION_COMMENTS = YES;
				CLANG_WARN_EMPTY_BODY = YES;
				CLANG_WARN_ENUM_CONVERSION = YES;
				CLANG_WARN_INFINITE_RECURSION = YES;
				CLANG_WARN_INT_CONVERSION = YES;
				CLANG_WARN_NON_LITERAL_NULL_CONVERSION = YES;
				CLANG_WARN_OBJC_IMPLICIT_RETAIN_SELF = YES;
				CLANG_WARN_OBJC_LITERAL_CONVERSION = YES;
				CLANG_WARN_OBJC_ROOT_CLASS = YES_ERROR;
				CLANG_WARN_QUOTED_INCLUDE_IN_FRAMEWORK_HEADER = YES;
				CLANG_WARN_RANGE_LOOP_ANALYSIS = YES;
				CLANG_WARN_STRICT_PROTOTYPES = YES;
				CLANG_WARN_SUSPICIOUS_MOVE = YES;
				CLANG_WARN_UNGUARDED_AVAILABILITY = YES_AGGRESSIVE;
				CLANG_WARN_UNREACHABLE_CODE = YES;
				CLANG_WARN__DUPLICATE_METHOD_MATCH = YES;
				COPY_PHASE_STRIP = NO;
				DEBUG_INFORMATION_FORMAT = "dwarf-with-dsym";
				ENABLE_NS_ASSERTIONS = NO;
				ENABLE_STRICT_OBJC_MSGSEND = YES;
				ENABLE_USER_SCRIPT_SANDBOXING = YES;
				GCC_C_LANGUAGE_STANDARD = gnu17;
				GCC_NO_COMMON_BLOCKS = YES;
				GCC_WARN_64_TO_32_BIT_CONVERSION = YES;
				GCC_WARN_ABOUT_RETURN_TYPE = YES_ERROR;
				GCC_WARN_UNDECLARED_SELECTOR = YES;
				GCC_WARN_UNINITIALIZED_AUTOS = YES_AGGRESSIVE;
				GCC_WARN_UNUSED_FUNCTION = YES;
				GCC_WARN_UNUSED_VARIABLE = YES;
				IPHONEOS_DEPLOYMENT_TARGET = 17.5;
				LOCALIZATION_PREFERS_STRING_CATALOGS = YES;
				MTL_ENABLE_DEBUG_INFO = NO;
				MTL_FAST_MATH = YES;
				SDKROOT = iphoneos;
				SWIFT_COMPILATION_MODE = wholemodule;
				VALIDATE_PRODUCT = YES;
			};
			name = Release;
		};
		431B48A62BF4356700D70628 /* Debug */ = {
			isa = XCBuildConfiguration;
			buildSettings = {
				ASSETCATALOG_COMPILER_APPICON_NAME = AppIcon;
				ASSETCATALOG_COMPILER_GLOBAL_ACCENT_COLOR_NAME = AccentColor;
				CODE_SIGN_STYLE = Automatic;
				CURRENT_PROJECT_VERSION = 1;
				GENERATE_INFOPLIST_FILE = YES;
				INFOPLIST_FILE = "Smart Inventory/Info.plist";
				INFOPLIST_KEY_UIApplicationSupportsIndirectInputEvents = YES;
				INFOPLIST_KEY_UILaunchStoryboardName = LaunchScreen;
				INFOPLIST_KEY_UIMainStoryboardFile = Main;
				INFOPLIST_KEY_UISupportedInterfaceOrientations_iPad = "UIInterfaceOrientationPortrait UIInterfaceOrientationPortraitUpsideDown UIInterfaceOrientationLandscapeLeft UIInterfaceOrientationLandscapeRight";
				INFOPLIST_KEY_UISupportedInterfaceOrientations_iPhone = "UIInterfaceOrientationPortrait UIInterfaceOrientationLandscapeLeft UIInterfaceOrientationLandscapeRight";
				LD_RUNPATH_SEARCH_PATHS = (
					"$(inherited)",
					"@executable_path/Frameworks",
				);
				MARKETING_VERSION = 1.0;
				PRODUCT_BUNDLE_IDENTIFIER = "swift.Smart-Inventory";
				PRODUCT_NAME = "$(TARGET_NAME)";
				SWIFT_EMIT_LOC_STRINGS = YES;
				SWIFT_VERSION = 5.0;
				TARGETED_DEVICE_FAMILY = "1,2";
			};
			name = Debug;
		};
		431B48A72BF4356700D70628 /* Release */ = {
			isa = XCBuildConfiguration;
			buildSettings = {
				ASSETCATALOG_COMPILER_APPICON_NAME = AppIcon;
				ASSETCATALOG_COMPILER_GLOBAL_ACCENT_COLOR_NAME = AccentColor;
				CODE_SIGN_STYLE = Automatic;
				CURRENT_PROJECT_VERSION = 1;
				GENERATE_INFOPLIST_FILE = YES;
				INFOPLIST_FILE = "Smart Inventory/Info.plist";
				INFOPLIST_KEY_UIApplicationSupportsIndirectInputEvents = YES;
				INFOPLIST_KEY_UILaunchStoryboardName = LaunchScreen;
				INFOPLIST_KEY_UIMainStoryboardFile = Main;
				INFOPLIST_KEY_UISupportedInterfaceOrientations_iPad = "UIInterfaceOrientationPortrait UIInterfaceOrientationPortraitUpsideDown UIInterfaceOrientationLandscapeLeft UIInterfaceOrientationLandscapeRight";
				INFOPLIST_KEY_UISupportedInterfaceOrientations_iPhone = "UIInterfaceOrientationPortrait UIInterfaceOrientationLandscapeLeft UIInterfaceOrientationLandscapeRight";
				LD_RUNPATH_SEARCH_PATHS = (
					"$(inherited)",
					"@executable_path/Frameworks",
				);
				MARKETING_VERSION = 1.0;
				PRODUCT_BUNDLE_IDENTIFIER = "swift.Smart-Inventory";
				PRODUCT_NAME = "$(TARGET_NAME)";
				SWIFT_EMIT_LOC_STRINGS = YES;
				SWIFT_VERSION = 5.0;
				TARGETED_DEVICE_FAMILY = "1,2";
			};
			name = Release;
		};
		431B48A92BF4356700D70628 /* Debug */ = {
			isa = XCBuildConfiguration;
			buildSettings = {
				ALWAYS_EMBED_SWIFT_STANDARD_LIBRARIES = YES;
				BUNDLE_LOADER = "$(TEST_HOST)";
				CODE_SIGN_STYLE = Automatic;
				CURRENT_PROJECT_VERSION = 1;
				GENERATE_INFOPLIST_FILE = YES;
				IPHONEOS_DEPLOYMENT_TARGET = 17.5;
				MARKETING_VERSION = 1.0;
				PRODUCT_BUNDLE_IDENTIFIER = "swift.Smart-InventoryTests";
				PRODUCT_NAME = "$(TARGET_NAME)";
				SWIFT_EMIT_LOC_STRINGS = NO;
				SWIFT_VERSION = 5.0;
				TARGETED_DEVICE_FAMILY = "1,2";
				TEST_HOST = "$(BUILT_PRODUCTS_DIR)/Smart Inventory.app/$(BUNDLE_EXECUTABLE_FOLDER_PATH)/Smart Inventory";
			};
			name = Debug;
		};
		431B48AA2BF4356700D70628 /* Release */ = {
			isa = XCBuildConfiguration;
			buildSettings = {
				ALWAYS_EMBED_SWIFT_STANDARD_LIBRARIES = YES;
				BUNDLE_LOADER = "$(TEST_HOST)";
				CODE_SIGN_STYLE = Automatic;
				CURRENT_PROJECT_VERSION = 1;
				GENERATE_INFOPLIST_FILE = YES;
				IPHONEOS_DEPLOYMENT_TARGET = 17.5;
				MARKETING_VERSION = 1.0;
				PRODUCT_BUNDLE_IDENTIFIER = "swift.Smart-InventoryTests";
				PRODUCT_NAME = "$(TARGET_NAME)";
				SWIFT_EMIT_LOC_STRINGS = NO;
				SWIFT_VERSION = 5.0;
				TARGETED_DEVICE_FAMILY = "1,2";
				TEST_HOST = "$(BUILT_PRODUCTS_DIR)/Smart Inventory.app/$(BUNDLE_EXECUTABLE_FOLDER_PATH)/Smart Inventory";
			};
			name = Release;
		};
		431B48AC2BF4356700D70628 /* Debug */ = {
			isa = XCBuildConfiguration;
			buildSettings = {
				ALWAYS_EMBED_SWIFT_STANDARD_LIBRARIES = YES;
				CODE_SIGN_STYLE = Automatic;
				CURRENT_PROJECT_VERSION = 1;
				GENERATE_INFOPLIST_FILE = YES;
				MARKETING_VERSION = 1.0;
				PRODUCT_BUNDLE_IDENTIFIER = "swift.Smart-InventoryUITests";
				PRODUCT_NAME = "$(TARGET_NAME)";
				SWIFT_EMIT_LOC_STRINGS = NO;
				SWIFT_VERSION = 5.0;
				TARGETED_DEVICE_FAMILY = "1,2";
				TEST_TARGET_NAME = "Smart Inventory";
			};
			name = Debug;
		};
		431B48AD2BF4356700D70628 /* Release */ = {
			isa = XCBuildConfiguration;
			buildSettings = {
				ALWAYS_EMBED_SWIFT_STANDARD_LIBRARIES = YES;
				CODE_SIGN_STYLE = Automatic;
				CURRENT_PROJECT_VERSION = 1;
				GENERATE_INFOPLIST_FILE = YES;
				MARKETING_VERSION = 1.0;
				PRODUCT_BUNDLE_IDENTIFIER = "swift.Smart-InventoryUITests";
				PRODUCT_NAME = "$(TARGET_NAME)";
				SWIFT_EMIT_LOC_STRINGS = NO;
				SWIFT_VERSION = 5.0;
				TARGETED_DEVICE_FAMILY = "1,2";
				TEST_TARGET_NAME = "Smart Inventory";
			};
			name = Release;
		};
/* End XCBuildConfiguration section */

/* Begin XCConfigurationList section */
		431B48762BF4356600D70628 /* Build configuration list for PBXProject "Smart Inventory" */ = {
			isa = XCConfigurationList;
			buildConfigurations = (
				431B48A32BF4356700D70628 /* Debug */,
				431B48A42BF4356700D70628 /* Release */,
			);
			defaultConfigurationIsVisible = 0;
			defaultConfigurationName = Release;
		};
		431B48A52BF4356700D70628 /* Build configuration list for PBXNativeTarget "Smart Inventory" */ = {
			isa = XCConfigurationList;
			buildConfigurations = (
				431B48A62BF4356700D70628 /* Debug */,
				431B48A72BF4356700D70628 /* Release */,
			);
			defaultConfigurationIsVisible = 0;
			defaultConfigurationName = Release;
		};
		431B48A82BF4356700D70628 /* Build configuration list for PBXNativeTarget "Smart InventoryTests" */ = {
			isa = XCConfigurationList;
			buildConfigurations = (
				431B48A92BF4356700D70628 /* Debug */,
				431B48AA2BF4356700D70628 /* Release */,
			);
			defaultConfigurationIsVisible = 0;
			defaultConfigurationName = Release;
		};
		431B48AB2BF4356700D70628 /* Build configuration list for PBXNativeTarget "Smart InventoryUITests" */ = {
			isa = XCConfigurationList;
			buildConfigurations = (
				431B48AC2BF4356700D70628 /* Debug */,
				431B48AD2BF4356700D70628 /* Release */,
			);
			defaultConfigurationIsVisible = 0;
			defaultConfigurationName = Release;
		};
/* End XCConfigurationList section */

/* Begin XCRemoteSwiftPackageReference section */
		C726A5352BFD10B100837FA4 /* XCRemoteSwiftPackageReference "firebase-ios-sdk" */ = {
			isa = XCRemoteSwiftPackageReference;
			repositoryURL = "https://github.com/firebase/firebase-ios-sdk.git";
			requirement = {
				kind = upToNextMajorVersion;
				minimumVersion = 10.26.0;
			};
		};
/* End XCRemoteSwiftPackageReference section */

/* Begin XCSwiftPackageProductDependency section */
		C726A5362BFD10B100837FA4 /* FirebaseAnalytics */ = {
			isa = XCSwiftPackageProductDependency;
			package = C726A5352BFD10B100837FA4 /* XCRemoteSwiftPackageReference "firebase-ios-sdk" */;
			productName = FirebaseAnalytics;
		};
		C726A5382BFD10B100837FA4 /* FirebaseAnalyticsOnDeviceConversion */ = {
			isa = XCSwiftPackageProductDependency;
			package = C726A5352BFD10B100837FA4 /* XCRemoteSwiftPackageReference "firebase-ios-sdk" */;
			productName = FirebaseAnalyticsOnDeviceConversion;
		};
		C726A53A2BFD10B100837FA4 /* FirebaseAnalyticsSwift */ = {
			isa = XCSwiftPackageProductDependency;
			package = C726A5352BFD10B100837FA4 /* XCRemoteSwiftPackageReference "firebase-ios-sdk" */;
			productName = FirebaseAnalyticsSwift;
		};
		C726A53C2BFD10B100837FA4 /* FirebaseAnalyticsWithoutAdIdSupport */ = {
			isa = XCSwiftPackageProductDependency;
			package = C726A5352BFD10B100837FA4 /* XCRemoteSwiftPackageReference "firebase-ios-sdk" */;
			productName = FirebaseAnalyticsWithoutAdIdSupport;
		};
		C726A53E2BFD10B100837FA4 /* FirebaseAppCheck */ = {
			isa = XCSwiftPackageProductDependency;
			package = C726A5352BFD10B100837FA4 /* XCRemoteSwiftPackageReference "firebase-ios-sdk" */;
			productName = FirebaseAppCheck;
		};
		C726A5402BFD10B100837FA4 /* FirebaseAppDistribution-Beta */ = {
			isa = XCSwiftPackageProductDependency;
			package = C726A5352BFD10B100837FA4 /* XCRemoteSwiftPackageReference "firebase-ios-sdk" */;
			productName = "FirebaseAppDistribution-Beta";
		};
		C726A5422BFD10B100837FA4 /* FirebaseAuth */ = {
			isa = XCSwiftPackageProductDependency;
			package = C726A5352BFD10B100837FA4 /* XCRemoteSwiftPackageReference "firebase-ios-sdk" */;
			productName = FirebaseAuth;
		};
		C726A5442BFD10B100837FA4 /* FirebaseAuthCombine-Community */ = {
			isa = XCSwiftPackageProductDependency;
			package = C726A5352BFD10B100837FA4 /* XCRemoteSwiftPackageReference "firebase-ios-sdk" */;
			productName = "FirebaseAuthCombine-Community";
		};
		C726A5462BFD10B100837FA4 /* FirebaseCrashlytics */ = {
			isa = XCSwiftPackageProductDependency;
			package = C726A5352BFD10B100837FA4 /* XCRemoteSwiftPackageReference "firebase-ios-sdk" */;
			productName = FirebaseCrashlytics;
		};
		C726A5482BFD10B100837FA4 /* FirebaseDatabase */ = {
			isa = XCSwiftPackageProductDependency;
			package = C726A5352BFD10B100837FA4 /* XCRemoteSwiftPackageReference "firebase-ios-sdk" */;
			productName = FirebaseDatabase;
		};
		C726A54A2BFD10B100837FA4 /* FirebaseDatabaseSwift */ = {
			isa = XCSwiftPackageProductDependency;
			package = C726A5352BFD10B100837FA4 /* XCRemoteSwiftPackageReference "firebase-ios-sdk" */;
			productName = FirebaseDatabaseSwift;
		};
		C726A54C2BFD10B100837FA4 /* FirebaseDynamicLinks */ = {
			isa = XCSwiftPackageProductDependency;
			package = C726A5352BFD10B100837FA4 /* XCRemoteSwiftPackageReference "firebase-ios-sdk" */;
			productName = FirebaseDynamicLinks;
		};
		C726A54E2BFD10B100837FA4 /* FirebaseFirestore */ = {
			isa = XCSwiftPackageProductDependency;
			package = C726A5352BFD10B100837FA4 /* XCRemoteSwiftPackageReference "firebase-ios-sdk" */;
			productName = FirebaseFirestore;
		};
		C726A5502BFD10B100837FA4 /* FirebaseFirestoreCombine-Community */ = {
			isa = XCSwiftPackageProductDependency;
			package = C726A5352BFD10B100837FA4 /* XCRemoteSwiftPackageReference "firebase-ios-sdk" */;
			productName = "FirebaseFirestoreCombine-Community";
		};
		C726A5522BFD10B100837FA4 /* FirebaseFirestoreSwift */ = {
			isa = XCSwiftPackageProductDependency;
			package = C726A5352BFD10B100837FA4 /* XCRemoteSwiftPackageReference "firebase-ios-sdk" */;
			productName = FirebaseFirestoreSwift;
		};
		C726A5542BFD10B100837FA4 /* FirebaseFunctions */ = {
			isa = XCSwiftPackageProductDependency;
			package = C726A5352BFD10B100837FA4 /* XCRemoteSwiftPackageReference "firebase-ios-sdk" */;
			productName = FirebaseFunctions;
		};
		C726A5562BFD10B100837FA4 /* FirebaseFunctionsCombine-Community */ = {
			isa = XCSwiftPackageProductDependency;
			package = C726A5352BFD10B100837FA4 /* XCRemoteSwiftPackageReference "firebase-ios-sdk" */;
			productName = "FirebaseFunctionsCombine-Community";
		};
		C726A5582BFD10B100837FA4 /* FirebaseInAppMessaging-Beta */ = {
			isa = XCSwiftPackageProductDependency;
			package = C726A5352BFD10B100837FA4 /* XCRemoteSwiftPackageReference "firebase-ios-sdk" */;
			productName = "FirebaseInAppMessaging-Beta";
		};
		C726A55A2BFD10B100837FA4 /* FirebaseInAppMessagingSwift-Beta */ = {
			isa = XCSwiftPackageProductDependency;
			package = C726A5352BFD10B100837FA4 /* XCRemoteSwiftPackageReference "firebase-ios-sdk" */;
			productName = "FirebaseInAppMessagingSwift-Beta";
		};
		C726A55C2BFD10B100837FA4 /* FirebaseInstallations */ = {
			isa = XCSwiftPackageProductDependency;
			package = C726A5352BFD10B100837FA4 /* XCRemoteSwiftPackageReference "firebase-ios-sdk" */;
			productName = FirebaseInstallations;
		};
		C726A55E2BFD10B100837FA4 /* FirebaseMLModelDownloader */ = {
			isa = XCSwiftPackageProductDependency;
			package = C726A5352BFD10B100837FA4 /* XCRemoteSwiftPackageReference "firebase-ios-sdk" */;
			productName = FirebaseMLModelDownloader;
		};
		C726A5602BFD10B100837FA4 /* FirebaseMessaging */ = {
			isa = XCSwiftPackageProductDependency;
			package = C726A5352BFD10B100837FA4 /* XCRemoteSwiftPackageReference "firebase-ios-sdk" */;
			productName = FirebaseMessaging;
		};
		C726A5622BFD10B100837FA4 /* FirebasePerformance */ = {
			isa = XCSwiftPackageProductDependency;
			package = C726A5352BFD10B100837FA4 /* XCRemoteSwiftPackageReference "firebase-ios-sdk" */;
			productName = FirebasePerformance;
		};
		C726A5642BFD10B100837FA4 /* FirebaseRemoteConfig */ = {
			isa = XCSwiftPackageProductDependency;
			package = C726A5352BFD10B100837FA4 /* XCRemoteSwiftPackageReference "firebase-ios-sdk" */;
			productName = FirebaseRemoteConfig;
		};
		C726A5662BFD10B100837FA4 /* FirebaseRemoteConfigSwift */ = {
			isa = XCSwiftPackageProductDependency;
			package = C726A5352BFD10B100837FA4 /* XCRemoteSwiftPackageReference "firebase-ios-sdk" */;
			productName = FirebaseRemoteConfigSwift;
		};
		C726A5682BFD10B100837FA4 /* FirebaseStorage */ = {
			isa = XCSwiftPackageProductDependency;
			package = C726A5352BFD10B100837FA4 /* XCRemoteSwiftPackageReference "firebase-ios-sdk" */;
			productName = FirebaseStorage;
		};
		C726A56A2BFD10B100837FA4 /* FirebaseStorageCombine-Community */ = {
			isa = XCSwiftPackageProductDependency;
			package = C726A5352BFD10B100837FA4 /* XCRemoteSwiftPackageReference "firebase-ios-sdk" */;
			productName = "FirebaseStorageCombine-Community";
		};
		C726A56C2BFD10B100837FA4 /* FirebaseVertexAI-Preview */ = {
			isa = XCSwiftPackageProductDependency;
			package = C726A5352BFD10B100837FA4 /* XCRemoteSwiftPackageReference "firebase-ios-sdk" */;
			productName = "FirebaseVertexAI-Preview";
		};
/* End XCSwiftPackageProductDependency section */
	};
	rootObject = 431B48732BF4356600D70628 /* Project object */;
}
